
Microsoft Visual Studio Solution File, Format Version 12.00
# Visual Studio 2012
Project("{8BC9CEB8-8B4A-11D0-8D11-00A0C91BC942}") = "playbackVq", "playbackVq\build\windows\playbackVqVs12.vcxproj", "{21469F00-7EAC-46DF-ACFF-27845F2BE4B1}"
EndProject
Project("{8BC9CEB8-8B4A-11D0-8D11-00A0C91BC942}") = "transcodeVq", "transcodeVq\build\windows\transcodeVqVs12.vcxproj", "{102CB399-5F62-4724-9E39-37554CB7CFB9}"
EndProject
Project("{8BC9CEB8-8B4A-11D0-8D11-00A0C91BC942}") = "mftResizerAmp", "videoEditAmp\build\windows\mftResizerAmpVs12.vcxproj", "{F4763299-7761-4460-A030-659F78C3AAC9}"
EndProject
Project("{8BC9CEB8-8B4A-11D0-8D11-00A0C91BC942}") = "videoEditAmp", "videoEditAmp\build\windows\videoEditAmpVs12.vcxproj", "{9CC6EEA5-9876-4A3D-9DE1-41906483E827}"
	ProjectSection(ProjectDependencies) = postProject
		{F4763299-7761-4460-A030-659F78C3AAC9} = {F4763299-7761-4460-A030-659F78C3AAC9}
	EndProjectSection
EndProject
Project("{2150E333-8FDC-42A3-9474-1A3956D46DE8}") = "videoEditAmp", "videoEditAmp", "{012D0EF0-C2E1-4026-B850-F9C254C63438}"
EndProject
Project("{2150E333-8FDC-42A3-9474-1A3956D46DE8}") = "videoEditOpenCL", "videoEditOpenCL", "{83848E11-F592-4D6B-83A9-D2F7A558D0B8}"
EndProject
Project("{8BC9CEB8-8B4A-11D0-8D11-00A0C91BC942}") = "videoEditOpenCl", "videoEditOpenCl\build\windows\videoEditOpenClVs12.vcxproj", "{E5D78199-6392-4407-A148-D03999EC3F43}"
	ProjectSection(ProjectDependencies) = postProject
		{14FE65BA-8A11-4C2A-A9B3-1DA7FD56095F} = {14FE65BA-8A11-4C2A-A9B3-1DA7FD56095F}
	EndProjectSection
EndProject
Project("{8BC9CEB8-8B4A-11D0-8D11-00A0C91BC942}") = "mftDx11ResizerOpenCl", "videoEditOpenCl\build\windows\mftDx11ResizerOpenClVs12.vcxproj", "{14FE65BA-8A11-4C2A-A9B3-1DA7FD56095F}"
	ProjectSection(ProjectDependencies) = postProject
		{C0199181-C877-4419-AD6F-E31CED542985} = {C0199181-C877-4419-AD6F-E31CED542985}
	EndProjectSection
EndProject
Project("{8BC9CEB8-8B4A-11D0-8D11-00A0C91BC942}") = "mftDx9ResizerOpenCl", "videoEditOpenCl\build\windows\mftDx9ResizerOpenClVs12.vcxproj", "{C0199181-C877-4419-AD6F-E31CED542985}"
EndProject
Project("{2150E333-8FDC-42A3-9474-1A3956D46DE8}") = "imageOverlayOpenCl", "imageOverlayOpenCl", "{FF5DEDE3-D6B4-4E72-B631-C4B5312EAF85}"
EndProject
Project("{8BC9CEB8-8B4A-11D0-8D11-00A0C91BC942}") = "mftDx9ColorConvertOpenCl", "imageOverlayOpenCl\build\windows\mftDx9ColorConvertOpenClVs12.vcxproj", "{D6321471-38BE-46D4-8E2E-84B10EFDF629}"
	ProjectSection(ProjectDependencies) = postProject
		{A838CE0D-E457-49B4-AE7F-CD096F98EE1B} = {A838CE0D-E457-49B4-AE7F-CD096F98EE1B}
	EndProjectSection
EndProject
Project("{8BC9CEB8-8B4A-11D0-8D11-00A0C91BC942}") = "mftDx9OverlayOpenCl", "imageOverlayOpenCl\build\windows\mftDx9OverlayOpenClVs12.vcxproj", "{A838CE0D-E457-49B4-AE7F-CD096F98EE1B}"
EndProject
Project("{8BC9CEB8-8B4A-11D0-8D11-00A0C91BC942}") = "mftDx11ColorConvertOpenCl", "imageOverlayOpenCl\build\windows\mftDx11ColorConvertOpenClVs12.vcxproj", "{4CB65BE2-6BCA-4158-83E4-B592BAB72210}"
	ProjectSection(ProjectDependencies) = postProject
		{0FF22258-C2DE-48E5-A1D3-8A716FE826A4} = {0FF22258-C2DE-48E5-A1D3-8A716FE826A4}
	EndProjectSection
EndProject
Project("{8BC9CEB8-8B4A-11D0-8D11-00A0C91BC942}") = "mftDx11OverlayOpenCl", "imageOverlayOpenCl\build\windows\mftDx11OverlayOpenClVs12.vcxproj", "{0FF22258-C2DE-48E5-A1D3-8A716FE826A4}"
	ProjectSection(ProjectDependencies) = postProject
		{D6321471-38BE-46D4-8E2E-84B10EFDF629} = {D6321471-38BE-46D4-8E2E-84B10EFDF629}
	EndProjectSection
EndProject
Project("{8BC9CEB8-8B4A-11D0-8D11-00A0C91BC942}") = "imageOverlayOpenCl", "imageOverlayOpenCl\build\windows\imageOverlayOpenClVs12.vcxproj", "{B7E76D2B-0E7F-4BC0-AF55-7E5919886078}"
	ProjectSection(ProjectDependencies) = postProject
		{4CB65BE2-6BCA-4158-83E4-B592BAB72210} = {4CB65BE2-6BCA-4158-83E4-B592BAB72210}
	EndProjectSection
EndProject
Project("{8BC9CEB8-8B4A-11D0-8D11-00A0C91BC942}") = "simpleTranscode", "simpleTranscode\build\windows\simpleTranscodeVs12.vcxproj", "{9E3972C3-F40C-44D8-97C4-80033A56336D}"
EndProject
Project("{2150E333-8FDC-42A3-9474-1A3956D46DE8}") = "svcTranscode", "svcTranscode", "{9D247CF7-E422-48E9-81FF-5A92C3332744}"
EndProject
Project("{8BC9CEB8-8B4A-11D0-8D11-00A0C91BC942}") = "svcTranscode", "svcTranscode\build\windows\svcTranscodeVs12.vcxproj", "{AF387DB7-5D56-4771-BE97-72A7F348D4EC}"
EndProject
Project("{8BC9CEB8-8B4A-11D0-8D11-00A0C91BC942}") = "mftSvcSplitter", "svcTranscode\build\windows\mftSvcSplitterVs12.vcxproj", "{CE5E0FBD-7A6F-4A5F-84AE-ED671851785C}"
EndProject
Project("{8BC9CEB8-8B4A-11D0-8D11-00A0C91BC942}") = "customSink", "svcTranscode\build\windows\customSinkVs12.vcxproj", "{D981765C-631D-4A67-9A16-26E0AC60EF7A}"
EndProject
Global
	GlobalSection(SolutionConfigurationPlatforms) = preSolution
		Debug|Win32 = Debug|Win32
		Debug|x64 = Debug|x64
		Release|Win32 = Release|Win32
		Release|x64 = Release|x64
	EndGlobalSection
	GlobalSection(ProjectConfigurationPlatforms) = postSolution
		{21469F00-7EAC-46DF-ACFF-27845F2BE4B1}.Debug|Win32.ActiveCfg = Debug|Win32
		{21469F00-7EAC-46DF-ACFF-27845F2BE4B1}.Debug|Win32.Build.0 = Debug|Win32
		{21469F00-7EAC-46DF-ACFF-27845F2BE4B1}.Debug|x64.ActiveCfg = Debug|x64
		{21469F00-7EAC-46DF-ACFF-27845F2BE4B1}.Debug|x64.Build.0 = Debug|x64
		{21469F00-7EAC-46DF-ACFF-27845F2BE4B1}.Release|Win32.ActiveCfg = Release|Win32
		{21469F00-7EAC-46DF-ACFF-27845F2BE4B1}.Release|Win32.Build.0 = Release|Win32
		{21469F00-7EAC-46DF-ACFF-27845F2BE4B1}.Release|x64.ActiveCfg = Release|x64
		{21469F00-7EAC-46DF-ACFF-27845F2BE4B1}.Release|x64.Build.0 = Release|x64
		{102CB399-5F62-4724-9E39-37554CB7CFB9}.Debug|Win32.ActiveCfg = Debug|Win32
		{102CB399-5F62-4724-9E39-37554CB7CFB9}.Debug|Win32.Build.0 = Debug|Win32
		{102CB399-5F62-4724-9E39-37554CB7CFB9}.Debug|x64.ActiveCfg = Debug|x64
		{102CB399-5F62-4724-9E39-37554CB7CFB9}.Debug|x64.Build.0 = Debug|x64
		{102CB399-5F62-4724-9E39-37554CB7CFB9}.Release|Win32.ActiveCfg = Release|Win32
		{102CB399-5F62-4724-9E39-37554CB7CFB9}.Release|Win32.Build.0 = Release|Win32
		{102CB399-5F62-4724-9E39-37554CB7CFB9}.Release|x64.ActiveCfg = Release|x64
		{102CB399-5F62-4724-9E39-37554CB7CFB9}.Release|x64.Build.0 = Release|x64
		{F4763299-7761-4460-A030-659F78C3AAC9}.Debug|Win32.ActiveCfg = Debug|Win32
		{F4763299-7761-4460-A030-659F78C3AAC9}.Debug|Win32.Build.0 = Debug|Win32
		{F4763299-7761-4460-A030-659F78C3AAC9}.Debug|x64.ActiveCfg = Debug|x64
		{F4763299-7761-4460-A030-659F78C3AAC9}.Debug|x64.Build.0 = Debug|x64
		{F4763299-7761-4460-A030-659F78C3AAC9}.Release|Win32.ActiveCfg = Release|Win32
		{F4763299-7761-4460-A030-659F78C3AAC9}.Release|Win32.Build.0 = Release|Win32
		{F4763299-7761-4460-A030-659F78C3AAC9}.Release|x64.ActiveCfg = Release|x64
		{F4763299-7761-4460-A030-659F78C3AAC9}.Release|x64.Build.0 = Release|x64
		{9CC6EEA5-9876-4A3D-9DE1-41906483E827}.Debug|Win32.ActiveCfg = Debug|Win32
		{9CC6EEA5-9876-4A3D-9DE1-41906483E827}.Debug|Win32.Build.0 = Debug|Win32
		{9CC6EEA5-9876-4A3D-9DE1-41906483E827}.Debug|x64.ActiveCfg = Debug|x64
		{9CC6EEA5-9876-4A3D-9DE1-41906483E827}.Debug|x64.Build.0 = Debug|x64
		{9CC6EEA5-9876-4A3D-9DE1-41906483E827}.Release|Win32.ActiveCfg = Release|Win32
		{9CC6EEA5-9876-4A3D-9DE1-41906483E827}.Release|Win32.Build.0 = Release|Win32
		{9CC6EEA5-9876-4A3D-9DE1-41906483E827}.Release|x64.ActiveCfg = Release|x64
		{9CC6EEA5-9876-4A3D-9DE1-41906483E827}.Release|x64.Build.0 = Release|x64
		{E5D78199-6392-4407-A148-D03999EC3F43}.Debug|Win32.ActiveCfg = Debug|Win32
		{E5D78199-6392-4407-A148-D03999EC3F43}.Debug|Win32.Build.0 = Debug|Win32
		{E5D78199-6392-4407-A148-D03999EC3F43}.Debug|x64.ActiveCfg = Debug|x64
		{E5D78199-6392-4407-A148-D03999EC3F43}.Debug|x64.Build.0 = Debug|x64
		{E5D78199-6392-4407-A148-D03999EC3F43}.Release|Win32.ActiveCfg = Release|Win32
		{E5D78199-6392-4407-A148-D03999EC3F43}.Release|Win32.Build.0 = Release|Win32
		{E5D78199-6392-4407-A148-D03999EC3F43}.Release|x64.ActiveCfg = Release|x64
		{E5D78199-6392-4407-A148-D03999EC3F43}.Release|x64.Build.0 = Release|x64
		{E5D78199-6392-4407-A148-D03999EC3F43}.Release|x64.Deploy.0 = Release|x64
		{14FE65BA-8A11-4C2A-A9B3-1DA7FD56095F}.Debug|Win32.ActiveCfg = Debug|Win32
		{14FE65BA-8A11-4C2A-A9B3-1DA7FD56095F}.Debug|Win32.Build.0 = Debug|Win32
		{14FE65BA-8A11-4C2A-A9B3-1DA7FD56095F}.Debug|x64.ActiveCfg = Debug|x64
		{14FE65BA-8A11-4C2A-A9B3-1DA7FD56095F}.Debug|x64.Build.0 = Debug|x64
		{14FE65BA-8A11-4C2A-A9B3-1DA7FD56095F}.Release|Win32.ActiveCfg = Release|Win32
		{14FE65BA-8A11-4C2A-A9B3-1DA7FD56095F}.Release|Win32.Build.0 = Release|Win32
		{14FE65BA-8A11-4C2A-A9B3-1DA7FD56095F}.Release|x64.ActiveCfg = Release|x64
		{14FE65BA-8A11-4C2A-A9B3-1DA7FD56095F}.Release|x64.Build.0 = Release|x64
		{C0199181-C877-4419-AD6F-E31CED542985}.Debug|Win32.ActiveCfg = Debug|Win32
		{C0199181-C877-4419-AD6F-E31CED542985}.Debug|Win32.Build.0 = Debug|Win32
		{C0199181-C877-4419-AD6F-E31CED542985}.Debug|x64.ActiveCfg = Debug|x64
		{C0199181-C877-4419-AD6F-E31CED542985}.Debug|x64.Build.0 = Debug|x64
		{C0199181-C877-4419-AD6F-E31CED542985}.Release|Win32.ActiveCfg = Release|Win32
		{C0199181-C877-4419-AD6F-E31CED542985}.Release|Win32.Build.0 = Release|Win32
		{C0199181-C877-4419-AD6F-E31CED542985}.Release|x64.ActiveCfg = Release|x64
		{C0199181-C877-4419-AD6F-E31CED542985}.Release|x64.Build.0 = Release|x64
		{D6321471-38BE-46D4-8E2E-84B10EFDF629}.Debug|Win32.ActiveCfg = Debug|Win32
		{D6321471-38BE-46D4-8E2E-84B10EFDF629}.Debug|Win32.Build.0 = Debug|Win32
		{D6321471-38BE-46D4-8E2E-84B10EFDF629}.Debug|x64.ActiveCfg = Debug|x64
		{D6321471-38BE-46D4-8E2E-84B10EFDF629}.Debug|x64.Build.0 = Debug|x64
		{D6321471-38BE-46D4-8E2E-84B10EFDF629}.Release|Win32.ActiveCfg = Release|Win32
		{D6321471-38BE-46D4-8E2E-84B10EFDF629}.Release|Win32.Build.0 = Release|Win32
		{D6321471-38BE-46D4-8E2E-84B10EFDF629}.Release|x64.ActiveCfg = Release|x64
		{D6321471-38BE-46D4-8E2E-84B10EFDF629}.Release|x64.Build.0 = Release|x64
		{A838CE0D-E457-49B4-AE7F-CD096F98EE1B}.Debug|Win32.ActiveCfg = Debug|Win32
		{A838CE0D-E457-49B4-AE7F-CD096F98EE1B}.Debug|Win32.Build.0 = Debug|Win32
		{A838CE0D-E457-49B4-AE7F-CD096F98EE1B}.Debug|x64.ActiveCfg = Debug|x64
		{A838CE0D-E457-49B4-AE7F-CD096F98EE1B}.Debug|x64.Build.0 = Debug|x64
		{A838CE0D-E457-49B4-AE7F-CD096F98EE1B}.Release|Win32.ActiveCfg = Release|Win32
		{A838CE0D-E457-49B4-AE7F-CD096F98EE1B}.Release|Win32.Build.0 = Release|Win32
		{A838CE0D-E457-49B4-AE7F-CD096F98EE1B}.Release|x64.ActiveCfg = Release|x64
		{A838CE0D-E457-49B4-AE7F-CD096F98EE1B}.Release|x64.Build.0 = Release|x64
		{4CB65BE2-6BCA-4158-83E4-B592BAB72210}.Debug|Win32.ActiveCfg = Debug|Win32
		{4CB65BE2-6BCA-4158-83E4-B592BAB72210}.Debug|Win32.Build.0 = Debug|Win32
		{4CB65BE2-6BCA-4158-83E4-B592BAB72210}.Debug|x64.ActiveCfg = Debug|x64
		{4CB65BE2-6BCA-4158-83E4-B592BAB72210}.Debug|x64.Build.0 = Debug|x64
		{4CB65BE2-6BCA-4158-83E4-B592BAB72210}.Release|Win32.ActiveCfg = Release|Win32
		{4CB65BE2-6BCA-4158-83E4-B592BAB72210}.Release|Win32.Build.0 = Release|Win32
		{4CB65BE2-6BCA-4158-83E4-B592BAB72210}.Release|x64.ActiveCfg = Release|x64
		{4CB65BE2-6BCA-4158-83E4-B592BAB72210}.Release|x64.Build.0 = Release|x64
		{0FF22258-C2DE-48E5-A1D3-8A716FE826A4}.Debug|Win32.ActiveCfg = Debug|Win32
		{0FF22258-C2DE-48E5-A1D3-8A716FE826A4}.Debug|Win32.Build.0 = Debug|Win32
		{0FF22258-C2DE-48E5-A1D3-8A716FE826A4}.Debug|x64.ActiveCfg = Debug|x64
		{0FF22258-C2DE-48E5-A1D3-8A716FE826A4}.Debug|x64.Build.0 = Debug|x64
		{0FF22258-C2DE-48E5-A1D3-8A716FE826A4}.Release|Win32.ActiveCfg = Release|Win32
		{0FF22258-C2DE-48E5-A1D3-8A716FE826A4}.Release|Win32.Build.0 = Release|Win32
		{0FF22258-C2DE-48E5-A1D3-8A716FE826A4}.Release|x64.ActiveCfg = Release|x64
		{0FF22258-C2DE-48E5-A1D3-8A716FE826A4}.Release|x64.Build.0 = Release|x64
		{B7E76D2B-0E7F-4BC0-AF55-7E5919886078}.Debug|Win32.ActiveCfg = Debug|Win32
		{B7E76D2B-0E7F-4BC0-AF55-7E5919886078}.Debug|Win32.Build.0 = Debug|Win32
		{B7E76D2B-0E7F-4BC0-AF55-7E5919886078}.Debug|x64.ActiveCfg = Debug|x64
		{B7E76D2B-0E7F-4BC0-AF55-7E5919886078}.Debug|x64.Build.0 = Debug|x64
		{B7E76D2B-0E7F-4BC0-AF55-7E5919886078}.Release|Win32.ActiveCfg = Release|Win32
		{B7E76D2B-0E7F-4BC0-AF55-7E5919886078}.Release|Win32.Build.0 = Release|Win32
		{B7E76D2B-0E7F-4BC0-AF55-7E5919886078}.Release|x64.ActiveCfg = Release|x64
		{B7E76D2B-0E7F-4BC0-AF55-7E5919886078}.Release|x64.Build.0 = Release|x64
		{9E3972C3-F40C-44D8-97C4-80033A56336D}.Debug|Win32.ActiveCfg = Debug|Win32
		{9E3972C3-F40C-44D8-97C4-80033A56336D}.Debug|Win32.Build.0 = Debug|Win32
		{9E3972C3-F40C-44D8-97C4-80033A56336D}.Debug|x64.ActiveCfg = Debug|x64
		{9E3972C3-F40C-44D8-97C4-80033A56336D}.Debug|x64.Build.0 = Debug|x64
		{9E3972C3-F40C-44D8-97C4-80033A56336D}.Release|Win32.ActiveCfg = Release|Win32
		{9E3972C3-F40C-44D8-97C4-80033A56336D}.Release|Win32.Build.0 = Release|Win32
		{9E3972C3-F40C-44D8-97C4-80033A56336D}.Release|x64.ActiveCfg = Release|x64
		{9E3972C3-F40C-44D8-97C4-80033A56336D}.Release|x64.Build.0 = Release|x64
		{AF387DB7-5D56-4771-BE97-72A7F348D4EC}.Debug|Win32.ActiveCfg = Debug|Win32
		{AF387DB7-5D56-4771-BE97-72A7F348D4EC}.Debug|Win32.Build.0 = Debug|Win32
		{AF387DB7-5D56-4771-BE97-72A7F348D4EC}.Debug|x64.ActiveCfg = Debug|x64
		{AF387DB7-5D56-4771-BE97-72A7F348D4EC}.Debug|x64.Build.0 = Debug|x64
		{AF387DB7-5D56-4771-BE97-72A7F348D4EC}.Release|Win32.ActiveCfg = Release|Win32
		{AF387DB7-5D56-4771-BE97-72A7F348D4EC}.Release|Win32.Build.0 = Release|Win32
		{AF387DB7-5D56-4771-BE97-72A7F348D4EC}.Release|x64.ActiveCfg = Release|x64
		{AF387DB7-5D56-4771-BE97-72A7F348D4EC}.Release|x64.Build.0 = Release|x64
		{CE5E0FBD-7A6F-4A5F-84AE-ED671851785C}.Debug|Win32.ActiveCfg = Debug|Win32
		{CE5E0FBD-7A6F-4A5F-84AE-ED671851785C}.Debug|Win32.Build.0 = Debug|Win32
		{CE5E0FBD-7A6F-4A5F-84AE-ED671851785C}.Debug|x64.ActiveCfg = Debug|x64
		{CE5E0FBD-7A6F-4A5F-84AE-ED671851785C}.Debug|x64.Build.0 = Debug|x64
		{CE5E0FBD-7A6F-4A5F-84AE-ED671851785C}.Release|Win32.ActiveCfg = Release|Win32
		{CE5E0FBD-7A6F-4A5F-84AE-ED671851785C}.Release|Win32.Build.0 = Release|Win32
		{CE5E0FBD-7A6F-4A5F-84AE-ED671851785C}.Release|x64.ActiveCfg = Release|x64
		{CE5E0FBD-7A6F-4A5F-84AE-ED671851785C}.Release|x64.Build.0 = Release|x64
		{D981765C-631D-4A67-9A16-26E0AC60EF7A}.Debug|Win32.ActiveCfg = Debug|Win32
		{D981765C-631D-4A67-9A16-26E0AC60EF7A}.Debug|Win32.Build.0 = Debug|Win32
		{D981765C-631D-4A67-9A16-26E0AC60EF7A}.Debug|x64.ActiveCfg = Debug|x64
		{D981765C-631D-4A67-9A16-26E0AC60EF7A}.Debug|x64.Build.0 = Debug|x64
		{D981765C-631D-4A67-9A16-26E0AC60EF7A}.Release|Win32.ActiveCfg = Release|Win32
		{D981765C-631D-4A67-9A16-26E0AC60EF7A}.Release|Win32.Build.0 = Release|Win32
		{D981765C-631D-4A67-9A16-26E0AC60EF7A}.Release|x64.ActiveCfg = Release|x64
		{D981765C-631D-4A67-9A16-26E0AC60EF7A}.Release|x64.Build.0 = Release|x64
	EndGlobalSection
	GlobalSection(SolutionProperties) = preSolution
		HideSolutionNode = FALSE
	EndGlobalSection
	GlobalSection(NestedProjects) = preSolution
		{9CC6EEA5-9876-4A3D-9DE1-41906483E827} = {012D0EF0-C2E1-4026-B850-F9C254C63438}
		{F4763299-7761-4460-A030-659F78C3AAC9} = {012D0EF0-C2E1-4026-B850-F9C254C63438}
		{E5D78199-6392-4407-A148-D03999EC3F43} = {83848E11-F592-4D6B-83A9-D2F7A558D0B8}
		{14FE65BA-8A11-4C2A-A9B3-1DA7FD56095F} = {83848E11-F592-4D6B-83A9-D2F7A558D0B8}
		{C0199181-C877-4419-AD6F-E31CED542985} = {83848E11-F592-4D6B-83A9-D2F7A558D0B8}
		{D6321471-38BE-46D4-8E2E-84B10EFDF629} = {FF5DEDE3-D6B4-4E72-B631-C4B5312EAF85}
		{A838CE0D-E457-49B4-AE7F-CD096F98EE1B} = {FF5DEDE3-D6B4-4E72-B631-C4B5312EAF85}
		{4CB65BE2-6BCA-4158-83E4-B592BAB72210} = {FF5DEDE3-D6B4-4E72-B631-C4B5312EAF85}
		{0FF22258-C2DE-48E5-A1D3-8A716FE826A4} = {FF5DEDE3-D6B4-4E72-B631-C4B5312EAF85}
		{B7E76D2B-0E7F-4BC0-AF55-7E5919886078} = {FF5DEDE3-D6B4-4E72-B631-C4B5312EAF85}
		{AF387DB7-5D56-4771-BE97-72A7F348D4EC} = {9D247CF7-E422-48E9-81FF-5A92C3332744}
		{CE5E0FBD-7A6F-4A5F-84AE-ED671851785C} = {9D247CF7-E422-48E9-81FF-5A92C3332744}
		{D981765C-631D-4A67-9A16-26E0AC60EF7A} = {9D247CF7-E422-48E9-81FF-5A92C3332744}
	EndGlobalSection
EndGlobal
