Microsoft Visual Studio Solution File, Format Version 12.00
# Visual Studio 2012
Project("{2150E333-8FDC-42A3-9474-1A3956D46DE8}") = "benchmark", "benchmark", "{E01887AA-380F-4002-AEDD-8083D1243149}"
EndProject
Project("{2150E333-8FDC-42A3-9474-1A3956D46DE8}") = "cl", "cl", "{E29C0D67-B421-41AF-A305-7168BC122A05}"
EndProject
Project("{2150E333-8FDC-42A3-9474-1A3956D46DE8}") = "cpp_cl", "cpp_cl", "{45780875-4614-419B-94F8-A14F8184BB48}"
EndProject
Project("{8BC9CEB8-8B4A-11D0-8D11-00A0C91BC942}") = "ConstantBandwidth", "benchmark\ConstantBandwidth\ConstantBandwidthVS12.vcxproj", "{00000070-0000-0000-0000-000000000000}"
EndProject
Project("{8BC9CEB8-8B4A-11D0-8D11-00A0C91BC942}") = "GlobalMemoryBandwidth", "benchmark\GlobalMemoryBandwidth\GlobalMemoryBandwidthVS12.vcxproj", "{00000018-0000-0000-0000-000000000000}"
EndProject
Project("{8BC9CEB8-8B4A-11D0-8D11-00A0C91BC942}") = "LDSBandwidth", "benchmark\LDSBandwidth\LDSBandwidthVS12.vcxproj", "{00006989-0000-0000-0000-000000000000}"
EndProject
Project("{8BC9CEB8-8B4A-11D0-8D11-00A0C91BC942}") = "MemoryOptimizations", "benchmark\MemoryOptimizations\MemoryOptimizationsVS12.vcxproj", "{009A4DC0-0000-0000-0000-000000000000}"
EndProject
Project("{8BC9CEB8-8B4A-11D0-8D11-00A0C91BC942}") = "AtomicCounters", "cl\AtomicCounters\AtomicCountersVS12.vcxproj", "{00000087-0000-0000-0000-000000000000}"
EndProject
Project("{8BC9CEB8-8B4A-11D0-8D11-00A0C91BC942}") = "BasicDebug", "cl\BasicDebug\BasicDebugVS12.vcxproj", "{0000000D-0000-0000-0000-000000000000}"
EndProject
Project("{8BC9CEB8-8B4A-11D0-8D11-00A0C91BC942}") = "AsyncDataTransfer", "cpp_cl\AsyncDataTransfer\AsyncDataTransferVS12.vcxproj", "{0000006C-0000-0000-0000-000000000000}"
EndProject
Project("{8BC9CEB8-8B4A-11D0-8D11-00A0C91BC942}") = "ConcurrentKernel", "cpp_cl\ConcurrentKernel\ConcurrentKernelVS12.vcxproj", "{000009D7-0000-0000-0000-000000000000}"
EndProject
Project("{8BC9CEB8-8B4A-11D0-8D11-00A0C91BC942}") = "CplusplusWrapper", "cpp_cl\CplusplusWrapper\CplusplusWrapperVS12.vcxproj", "{0000082D-0000-0000-0000-000000000000}"
EndProject
Project("{8BC9CEB8-8B4A-11D0-8D11-00A0C91BC942}") = "DwtHaar1DCPPKernel", "cpp_cl\DwtHaar1DCPPKernel\DwtHaar1DCPPKernelVS12.vcxproj", "{000006FB-0000-0000-0000-000000000000}"
EndProject
Project("{8BC9CEB8-8B4A-11D0-8D11-00A0C91BC942}") = "EigenValue", "cpp_cl\EigenValue\EigenValueVS12.vcxproj", "{00000058-0000-0000-0000-000000000000}"
EndProject
Project("{8BC9CEB8-8B4A-11D0-8D11-00A0C91BC942}") = "FFT", "cpp_cl\FFT\FFTVS12.vcxproj", "{0000005D-0000-0000-0000-000000000000}"
EndProject
Project("{8BC9CEB8-8B4A-11D0-8D11-00A0C91BC942}") = "GaussianNoise", "cpp_cl\GaussianNoise\GaussianNoiseVS12.vcxproj", "{0000002E-0000-0000-0000-000000000000}"
EndProject
Project("{8BC9CEB8-8B4A-11D0-8D11-00A0C91BC942}") = "HDRToneMapping", "cpp_cl\HDRToneMapping\HDRToneMappingVS12.vcxproj", "{0000000A-0000-0000-0000-000000000000}"
EndProject
Project("{8BC9CEB8-8B4A-11D0-8D11-00A0C91BC942}") = "HistogramAtomics", "cpp_cl\HistogramAtomics\HistogramAtomicsVS12.vcxproj", "{00009E51-0000-0000-0000-000000000000}"
EndProject
Project("{8BC9CEB8-8B4A-11D0-8D11-00A0C91BC942}") = "IntroStaticCPPKernel", "cpp_cl\IntroStaticCPPKernel\IntroStaticCPPKernelVS12.vcxproj", "{0000000B-0000-0000-0000-000000000000}"
EndProject
Project("{8BC9CEB8-8B4A-11D0-8D11-00A0C91BC942}") = "MatrixMulDouble", "cpp_cl\MatrixMulDouble\MatrixMulDoubleVS12.vcxproj", "{000000FD-0000-0000-0000-000000000000}"
EndProject
Project("{8BC9CEB8-8B4A-11D0-8D11-00A0C91BC942}") = "MatrixMultiplicationCPPKernel", "cpp_cl\MatrixMultiplicationCPPKernel\MatrixMultiplicationCPPKernelVS12.vcxproj", "{00000047-0000-0000-0000-000000000000}"
EndProject
Project("{8BC9CEB8-8B4A-11D0-8D11-00A0C91BC942}") = "MersenneTwister", "cpp_cl\MersenneTwister\MersenneTwisterVS12.vcxproj", "{000000A3-0000-0000-0000-000000000000}"
EndProject
Project("{8BC9CEB8-8B4A-11D0-8D11-00A0C91BC942}") = "SoAversusAoS", "cpp_cl\SoAversusAoS\SoAversusAoSVS12.vcxproj", "{000000A4-0000-0000-0000-000000000000}"
EndProject
Project("{8BC9CEB8-8B4A-11D0-8D11-00A0C91BC942}") = "SobelFilterImage", "cpp_cl\SobelFilterImage\SobelFilterImageVS12.vcxproj", "{000000E4-0000-0000-0000-000000000000}"
EndProject
Project("{8BC9CEB8-8B4A-11D0-8D11-00A0C91BC942}") = "TransferOverlapCPP", "cpp_cl\TransferOverlapCPP\TransferOverlapCPPVS12.vcxproj", "{00000A1E-0000-0000-0000-000000000000}"
EndProject
Project("{8BC9CEB8-8B4A-11D0-8D11-00A0C91BC942}") = "UnsharpMask", "cpp_cl\UnsharpMask\UnsharpMaskVS12.vcxproj", "{85413B56-F112-447A-BF3F-DAF1A6ADF012}"
EndProject
Project("{8BC9CEB8-8B4A-11D0-8D11-00A0C91BC942}") = "URNGNoiseGL", "cpp_cl\URNGNoiseGL\URNGNoiseGLVS12.vcxproj", "{40237B9D-0000-0000-0000-000000000000}"
EndProject
Project("{8BC9CEB8-8B4A-11D0-8D11-00A0C91BC942}") = "BinomialOption", "cl\BinomialOption\BinomialOptionVS12.vcxproj", "{0000000F-0000-0000-0000-000000000000}"
EndProject
Project("{8BC9CEB8-8B4A-11D0-8D11-00A0C91BC942}") = "BinomialOptionMultiGPU", "cl\BinomialOptionMultiGPU\BinomialOptionMultiGPUVS12.vcxproj", "{00000002-0000-0000-0000-000000000000}"
EndProject
Project("{8BC9CEB8-8B4A-11D0-8D11-00A0C91BC942}") = "BitonicSort", "cl\BitonicSort\BitonicSortVS12.vcxproj", "{00000EE2-0000-0000-0000-000000000000}"
EndProject
Project("{8BC9CEB8-8B4A-11D0-8D11-00A0C91BC942}") = "BlackScholes", "cl\BlackScholes\BlackScholesVS12.vcxproj", "{000000D4-0000-0000-0000-000000000000}"
EndProject
Project("{8BC9CEB8-8B4A-11D0-8D11-00A0C91BC942}") = "BlackScholesDP", "cl\BlackScholesDP\BlackScholesDPVS12.vcxproj", "{6F673FCA-6771-47AF-8275-2FF611B58FBB}"
EndProject
Project("{8BC9CEB8-8B4A-11D0-8D11-00A0C91BC942}") = "BoxFilter", "cl\BoxFilter\BoxFilterVS12.vcxproj", "{00FB5088-0000-0000-0000-000000000000}"
EndProject
Project("{8BC9CEB8-8B4A-11D0-8D11-00A0C91BC942}") = "BoxFilterGL", "cl\BoxFilterGL\BoxFilterGLVS12.vcxproj", "{00000477-0000-0000-0000-000000000000}"
EndProject
Project("{8BC9CEB8-8B4A-11D0-8D11-00A0C91BC942}") = "BufferBandwidth", "cl\BufferBandwidth\BufferBandwidthVS12.vcxproj", "{0000008E-0000-0000-0000-000000000000}"
EndProject
Project("{8BC9CEB8-8B4A-11D0-8D11-00A0C91BC942}") = "DCT", "cl\DCT\DCTVS12.vcxproj", "{00A9403F-0000-0000-0000-000000000000}"
EndProject
Project("{8BC9CEB8-8B4A-11D0-8D11-00A0C91BC942}") = "DeviceFission", "cl\DeviceFission\DeviceFissionVS12.vcxproj", "{00000085-0000-0000-0000-000000000000}"
EndProject
Project("{8BC9CEB8-8B4A-11D0-8D11-00A0C91BC942}") = "DeviceFission11Ext", "cl\DeviceFission11Ext\DeviceFission11ExtVS12.vcxproj", "{000000E1-0000-0000-0000-000000000000}"
EndProject
Project("{8BC9CEB8-8B4A-11D0-8D11-00A0C91BC942}") = "DwtHaar1D", "cl\DwtHaar1D\DwtHaar1DVS12.vcxproj", "{00000003-0000-0000-0000-000000000000}"
EndProject
Project("{8BC9CEB8-8B4A-11D0-8D11-00A0C91BC942}") = "FastWalshTransform", "cl\FastWalshTransform\FastWalshTransformVS12.vcxproj", "{00000008-0000-0000-0000-000000000000}"
EndProject
Project("{8BC9CEB8-8B4A-11D0-8D11-00A0C91BC942}") = "FloydWarshall", "cl\FloydWarshall\FloydWarshallVS12.vcxproj", "{00000319-0000-0000-0000-000000000000}"
EndProject
Project("{8BC9CEB8-8B4A-11D0-8D11-00A0C91BC942}") = "FluidSimulation2D", "cl\FluidSimulation2D\FluidSimulation2DVS12.vcxproj", "{0000002C-0000-0000-0000-000000000000}"
EndProject
Project("{8BC9CEB8-8B4A-11D0-8D11-00A0C91BC942}") = "GaussianNoiseGL", "cl\GaussianNoiseGL\GaussianNoiseGLVS12.vcxproj", "{0000018C-0000-0000-0000-000000000000}"
EndProject
Project("{8BC9CEB8-8B4A-11D0-8D11-00A0C91BC942}") = "HelloWorld", "cl\HelloWorld\HelloWorldVS12.vcxproj", "{000000DA-0000-0000-0000-000000000000}"
EndProject
Project("{8BC9CEB8-8B4A-11D0-8D11-00A0C91BC942}") = "Histogram", "cl\Histogram\HistogramVS12.vcxproj", "{00000004-0000-0000-0000-000000000000}"
EndProject
Project("{8BC9CEB8-8B4A-11D0-8D11-00A0C91BC942}") = "ImageBandwidth", "cl\ImageBandwidth\ImageBandwidthVS12.vcxproj", "{00000BA1-0000-0000-0000-000000000000}"
EndProject
Project("{8BC9CEB8-8B4A-11D0-8D11-00A0C91BC942}") = "ImageOverlap", "cl\ImageOverlap\ImageOverlapVS12.vcxproj", "{000000EC-0000-0000-0000-000000000000}"
EndProject
Project("{8BC9CEB8-8B4A-11D0-8D11-00A0C91BC942}") = "KernelLaunch", "cl\KernelLaunch\KernelLaunchVS12.vcxproj", "{00000F0C-0000-0000-0000-000000000000}"
EndProject
Project("{8BC9CEB8-8B4A-11D0-8D11-00A0C91BC942}") = "KmeansAutoclustering", "cl\KmeansAutoclustering\KmeansAutoclusteringVS12.vcxproj", "{0008F12A-0000-0000-0000-000000000000}"
EndProject
Project("{8BC9CEB8-8B4A-11D0-8D11-00A0C91BC942}") = "LUDecomposition", "cl\LUDecomposition\LUDecompositionVS12.vcxproj", "{DB164DD4-3A89-437A-BD08-A660DC0E1020}"
EndProject
Project("{8BC9CEB8-8B4A-11D0-8D11-00A0C91BC942}") = "Mandelbrot", "cl\Mandelbrot\MandelbrotVS12.vcxproj", "{00000009-0000-0000-0000-000000000000}"
EndProject
Project("{8BC9CEB8-8B4A-11D0-8D11-00A0C91BC942}") = "MatrixMulImage", "cl\MatrixMulImage\MatrixMulImageVS12.vcxproj", "{000EE39D-0000-0000-0000-000000000000}"
EndProject
Project("{8BC9CEB8-8B4A-11D0-8D11-00A0C91BC942}") = "MatrixMultiplication", "cl\MatrixMultiplication\MatrixMultiplicationVS12.vcxproj", "{0000005C-0000-0000-0000-000000000000}"
EndProject
Project("{8BC9CEB8-8B4A-11D0-8D11-00A0C91BC942}") = "MatrixTranspose", "cl\MatrixTranspose\MatrixTransposeVS12.vcxproj", "{0000FEE8-0000-0000-0000-000000000000}"
EndProject
Project("{8BC9CEB8-8B4A-11D0-8D11-00A0C91BC942}") = "MemoryModel", "cl\MemoryModel\MemoryModelVS12.vcxproj", "{00000B75-0000-0000-0000-000000000000}"
EndProject
Project("{8BC9CEB8-8B4A-11D0-8D11-00A0C91BC942}") = "MonteCarloAsian", "cl\MonteCarloAsian\MonteCarloAsianVS12.vcxproj", "{0000006F-0000-0000-0000-000000000000}"
EndProject
Project("{8BC9CEB8-8B4A-11D0-8D11-00A0C91BC942}") = "MonteCarloAsianDP", "cl\MonteCarloAsianDP\MonteCarloAsianDPVS12.vcxproj", "{0000DBBA-0000-0000-0000-000000000000}"
EndProject
Project("{8BC9CEB8-8B4A-11D0-8D11-00A0C91BC942}") = "MonteCarloAsianMultiGPU", "cl\MonteCarloAsianMultiGPU\MonteCarloAsianMultiGPUVS12.vcxproj", "{1B7C6302-DA78-420B-BFA4-EC785D223E29}"
EndProject
Project("{8BC9CEB8-8B4A-11D0-8D11-00A0C91BC942}") = "NBody", "cl\NBody\NBodyVS12.vcxproj", "{D41B65B5-ACAA-4E07-9970-7E9A82A50799}"
EndProject
Project("{8BC9CEB8-8B4A-11D0-8D11-00A0C91BC942}") = "OpenCLService", "cl\OpenCLService\OpenCLServiceVS12.vcxproj", "{00000067-0000-0000-0000-000000000000}"
EndProject
Project("{8BC9CEB8-8B4A-11D0-8D11-00A0C91BC942}") = "PrefixSum", "cl\PrefixSum\PrefixSumVS12.vcxproj", "{00000001-0000-0000-0000-000000000000}"
EndProject
Project("{8BC9CEB8-8B4A-11D0-8D11-00A0C91BC942}") = "QuasiRandomSequence", "cl\QuasiRandomSequence\QuasiRandomSequenceVS12.vcxproj", "{00000005-0000-0000-0000-000000000000}"
EndProject
Project("{8BC9CEB8-8B4A-11D0-8D11-00A0C91BC942}") = "RadixSort", "cl\RadixSort\RadixSortVS12.vcxproj", "{00000007-0000-0000-0000-000000000000}"
EndProject
Project("{8BC9CEB8-8B4A-11D0-8D11-00A0C91BC942}") = "RecursiveGaussian", "cl\RecursiveGaussian\RecursiveGaussianVS12.vcxproj", "{000000FB-0000-0000-0000-000000000000}"
EndProject
Project("{8BC9CEB8-8B4A-11D0-8D11-00A0C91BC942}") = "Reduction", "cl\Reduction\ReductionVS12.vcxproj", "{000000E7-0000-0000-0000-000000000000}"
EndProject
Project("{8BC9CEB8-8B4A-11D0-8D11-00A0C91BC942}") = "ScanLargeArrays", "cl\ScanLargeArrays\ScanLargeArraysVS12.vcxproj", "{00000D2A-0000-0000-0000-000000000000}"
EndProject
Project("{8BC9CEB8-8B4A-11D0-8D11-00A0C91BC942}") = "SimpleConvolution", "cl\SimpleConvolution\SimpleConvolutionVS12.vcxproj", "{00000093-0000-0000-0000-000000000000}"
EndProject
Project("{8BC9CEB8-8B4A-11D0-8D11-00A0C91BC942}") = "SimpleDX9", "cl\SimpleDX9\SimpleDX9VS12.vcxproj", "{00000410-0000-0000-0000-000000000000}"
EndProject
Project("{8BC9CEB8-8B4A-11D0-8D11-00A0C91BC942}") = "SimpleDX10", "cl\SimpleDX10\SimpleDX10VS12.vcxproj", "{0000001C-0000-0000-0000-000000000000}"
EndProject
Project("{8BC9CEB8-8B4A-11D0-8D11-00A0C91BC942}") = "SimpleDX11", "cl\SimpleDX11\SimpleDX11VS12.vcxproj", "{31243B51-D332-4A82-8F2B-F843E9F97B47}"
EndProject
Project("{8BC9CEB8-8B4A-11D0-8D11-00A0C91BC942}") = "SimpleGL", "cl\SimpleGL\SimpleGLVS12.vcxproj", "{00000021-0000-0000-0000-000000000000}"
EndProject
Project("{8BC9CEB8-8B4A-11D0-8D11-00A0C91BC942}") = "SimpleImage", "cl\SimpleImage\SimpleImageVS12.vcxproj", "{00000011-0000-0000-0000-000000000000}"
EndProject
Project("{8BC9CEB8-8B4A-11D0-8D11-00A0C91BC942}") = "SimpleMultiDevice", "cl\SimpleMultiDevice\SimpleMultiDeviceVS12.vcxproj", "{B61C490C-C6F8-4689-A50F-3B1FCF5D7FCF}"
EndProject
Project("{8BC9CEB8-8B4A-11D0-8D11-00A0C91BC942}") = "SobelFilter", "cl\SobelFilter\SobelFilterVS12.vcxproj", "{000000E5-0000-0000-0000-000000000000}"
EndProject
Project("{8BC9CEB8-8B4A-11D0-8D11-00A0C91BC942}") = "StringSearch", "cl\StringSearch\StringSearchVS12.vcxproj", "{00000333-0000-0000-0000-000000000000}"
EndProject
Project("{8BC9CEB8-8B4A-11D0-8D11-00A0C91BC942}") = "Template", "cl\Template\TemplateVS12.vcxproj", "{0000000C-0000-0000-0000-000000000000}"
EndProject
Project("{8BC9CEB8-8B4A-11D0-8D11-00A0C91BC942}") = "TransferOverlap", "cl\TransferOverlap\TransferOverlapVS12.vcxproj", "{0000009F-0000-0000-0000-000000000000}"
EndProject
Project("{8BC9CEB8-8B4A-11D0-8D11-00A0C91BC942}") = "URNG", "cl\URNG\URNGVS12.vcxproj", "{0000121C-0000-0000-0000-000000000000}"
EndProject
Project("{8BC9CEB8-8B4A-11D0-8D11-00A0C91BC942}") = "BufferImageInterop", "cl\BufferImageInterop\BufferImageInteropVS12.vcxproj", "{85194D20-B1E7-4CEA-9235-3AE9B7999CBA}"
EndProject
Project("{8BC9CEB8-8B4A-11D0-8D11-00A0C91BC942}") = "DynamicOpenCLDetection", "cl\DynamicOpenCLDetection\DynamicOpenCLDetectionVS12.vcxproj", "{BB9DEDEE-5CEB-4E8E-8EA2-88B2A1C2B9B2}"
	ProjectSection(ProjectDependencies) = postProject
		{20C23088-DBAB-4555-AAA6-F8A50002670A} = {20C23088-DBAB-4555-AAA6-F8A50002670A}
	EndProjectSection
EndProject
Project("{8BC9CEB8-8B4A-11D0-8D11-00A0C91BC942}") = "VectorAddition", "cl\DynamicOpenCLDetection\VectorAddition\VectorAdditionVS12.vcxproj", "{20C23088-DBAB-4555-AAA6-F8A50002670A}"
EndProject
Project("{8BC9CEB8-8B4A-11D0-8D11-00A0C91BC942}") = "BuiltInScan", "cl\BuiltInScan\BuiltInScanVS12.vcxproj", "{B0811E32-ABDE-480F-AFBF-5A8D381FCAD4}"
EndProject
Project("{8BC9CEB8-8B4A-11D0-8D11-00A0C91BC942}") = "ImageBinarization", "cl\ImageBinarization\ImageBinarizationVS12.vcxproj", "{F253F2EB-F39E-438B-BB0A-644D0193E58F}"
EndProject
Project("{8BC9CEB8-8B4A-11D0-8D11-00A0C91BC942}") = "PipeProducerConsumerKernels", "cl\PipeProducerConsumerKernels\PipeProducerConsumerKernelsVS12.vcxproj", "{1A774860-192F-40EA-A0C8-5609A371929F}"
EndProject
Project("{8BC9CEB8-8B4A-11D0-8D11-00A0C91BC942}") = "RecursiveGaussian_ProgramScope", "cl\RecursiveGaussian_ProgramScope\RecursiveGaussian_ProgramScopeVS12.vcxproj", "{9629CC33-4352-4780-89CD-31DA91FD3CF8}"
EndProject
Project("{8BC9CEB8-8B4A-11D0-8D11-00A0C91BC942}") = "SimpleGenericAddressSpace", "cl\SimpleGenericAddressSpace\SimpleGenericAddressSpaceVS12.vcxproj", "{16D05C7A-9E5D-4B65-A51A-1F5087EDF3D8}"
EndProject
Project("{8BC9CEB8-8B4A-11D0-8D11-00A0C91BC942}") = "SimplePipe", "cl\SimplePipe\SimplePipeVS12.vcxproj", "{89C771E2-A0F6-47D6-BD72-998A19C3033F}"
EndProject
Project("{8BC9CEB8-8B4A-11D0-8D11-00A0C91BC942}") = "SVMBinaryTreeSearch", "cl\SVMBinaryTreeSearch\SVMBinaryTreeSearchVS12.vcxproj", "{5203842B-234F-423A-AC8A-1C5B2FC71AA8}"
EndProject
Project("{8BC9CEB8-8B4A-11D0-8D11-00A0C91BC942}") = "BinarySearchDeviceSideEnqueue", "cl\BinarySearchDeviceSideEnqueue\BinarySearchDeviceSideEnqueueVS12.vcxproj", "{626D824C-3E8C-498E-AE54-8E705B0AFACE}"
EndProject
Project("{8BC9CEB8-8B4A-11D0-8D11-00A0C91BC942}") = "DeviceEnqueueBFS", "cl\DeviceEnqueueBFS\DeviceEnqueueBFSVS12.vcxproj", "{F2CD1CC1-3B98-4652-88C5-2738EF0B6DCD}"
EndProject
Project("{8BC9CEB8-8B4A-11D0-8D11-00A0C91BC942}") = "RangeMinimumQuery", "cl\RangeMinimumQuery\RangeMinimumQueryVS12.vcxproj", "{FED504E8-E090-4D78-887B-C87182129A6D}"
EndProject
Project("{8BC9CEB8-8B4A-11D0-8D11-00A0C91BC942}") = "SimpleSPIR", "cl\SimpleSpir\SimpleSpirVS12.vcxproj", "{235010C1-38C6-4532-90E1-648CFA5AE655}"
EndProject
Project("{8BC9CEB8-8B4A-11D0-8D11-00A0C91BC942}") = "SVMAtomicsBinaryTreeInsert", "cl\SVMAtomicsBinaryTreeInsert\SVMAtomicsBinaryTreeInsertVS12.vcxproj", "{992471A5-4479-49BE-8ED2-654B4496F76E}"
EndProject
Project("{8BC9CEB8-8B4A-11D0-8D11-00A0C91BC942}") = "RegionGrowingSegmentationVS12", "cl\RegionGrowingSegmentation\RegionGrowingSegmentationVS12.vcxproj", "{53A38B32-6756-4155-AB8E-40B03DAA8467}"
EndProject
Project("{8BC9CEB8-8B4A-11D0-8D11-00A0C91BC942}") = "FineGrainSVM", "cl\FineGrainSVM\FineGrainSVMVS12.vcxproj", "{57533529-7DC7-45C1-A84C-DBE58AAF66A2}"
EndProject
Project("{8BC9CEB8-8B4A-11D0-8D11-00A0C91BC942}") = "CalcPie", "cl\CalcPie\CalcPieVS12.vcxproj", "{DA98BE1E-2542-42A0-9B99-623CCD00B23F}"
EndProject
Project("{8BC9CEB8-8B4A-11D0-8D11-00A0C91BC942}") = "FineGrainSVMCAS", "cl\FineGrainSVMCAS\FineGrainSVMCASVS12.vcxproj", "{C0794D0C-90C1-4B01-B3B0-C012D089AABB}"
EndProject
Project("{8BC9CEB8-8B4A-11D0-8D11-00A0C91BC942}") = "ExtractPrimes", "cl\ExtractPrimes\ExtractPrimesVS12.vcxproj", "{F384EB91-014A-41A4-A389-57A0A33FA10D}"
EndProject
Project("{8BC9CEB8-8B4A-11D0-8D11-00A0C91BC942}") = "SimpleDepthImageVS12", "cl\SimpleDepthImage\SimpleDepthImageVS12.vcxproj", "{BA64CB10-C6C3-4CF9-B04F-6466B8C818D6}"
EndProject
Global
	GlobalSection(SolutionConfigurationPlatforms) = preSolution
		Debug|Win32 = Debug|Win32
		Debug|x64 = Debug|x64
		Release|Win32 = Release|Win32
		Release|x64 = Release|x64
	EndGlobalSection
	GlobalSection(ProjectConfigurationPlatforms) = postSolution
		{00000070-0000-0000-0000-000000000000}.Debug|Win32.ActiveCfg = Debug|Win32
		{00000070-0000-0000-0000-000000000000}.Debug|Win32.Build.0 = Debug|Win32
		{00000070-0000-0000-0000-000000000000}.Debug|x64.ActiveCfg = Debug|x64
		{00000070-0000-0000-0000-000000000000}.Debug|x64.Build.0 = Debug|x64
		{00000070-0000-0000-0000-000000000000}.Release|Win32.ActiveCfg = Release|Win32
		{00000070-0000-0000-0000-000000000000}.Release|Win32.Build.0 = Release|Win32
		{00000070-0000-0000-0000-000000000000}.Release|x64.ActiveCfg = Release|x64
		{00000070-0000-0000-0000-000000000000}.Release|x64.Build.0 = Release|x64
		{00000018-0000-0000-0000-000000000000}.Debug|Win32.ActiveCfg = Debug|Win32
		{00000018-0000-0000-0000-000000000000}.Debug|Win32.Build.0 = Debug|Win32
		{00000018-0000-0000-0000-000000000000}.Debug|x64.ActiveCfg = Debug|x64
		{00000018-0000-0000-0000-000000000000}.Debug|x64.Build.0 = Debug|x64
		{00000018-0000-0000-0000-000000000000}.Release|Win32.ActiveCfg = Release|Win32
		{00000018-0000-0000-0000-000000000000}.Release|Win32.Build.0 = Release|Win32
		{00000018-0000-0000-0000-000000000000}.Release|x64.ActiveCfg = Release|x64
		{00000018-0000-0000-0000-000000000000}.Release|x64.Build.0 = Release|x64
		{00006989-0000-0000-0000-000000000000}.Debug|Win32.ActiveCfg = Debug|Win32
		{00006989-0000-0000-0000-000000000000}.Debug|Win32.Build.0 = Debug|Win32
		{00006989-0000-0000-0000-000000000000}.Debug|x64.ActiveCfg = Debug|x64
		{00006989-0000-0000-0000-000000000000}.Debug|x64.Build.0 = Debug|x64
		{00006989-0000-0000-0000-000000000000}.Release|Win32.ActiveCfg = Release|Win32
		{00006989-0000-0000-0000-000000000000}.Release|Win32.Build.0 = Release|Win32
		{00006989-0000-0000-0000-000000000000}.Release|x64.ActiveCfg = Release|x64
		{00006989-0000-0000-0000-000000000000}.Release|x64.Build.0 = Release|x64
		{009A4DC0-0000-0000-0000-000000000000}.Debug|Win32.ActiveCfg = Debug|Win32
		{009A4DC0-0000-0000-0000-000000000000}.Debug|Win32.Build.0 = Debug|Win32
		{009A4DC0-0000-0000-0000-000000000000}.Debug|x64.ActiveCfg = Debug|x64
		{009A4DC0-0000-0000-0000-000000000000}.Debug|x64.Build.0 = Debug|x64
		{009A4DC0-0000-0000-0000-000000000000}.Release|Win32.ActiveCfg = Release|Win32
		{009A4DC0-0000-0000-0000-000000000000}.Release|Win32.Build.0 = Release|Win32
		{009A4DC0-0000-0000-0000-000000000000}.Release|x64.ActiveCfg = Release|x64
		{009A4DC0-0000-0000-0000-000000000000}.Release|x64.Build.0 = Release|x64
		{00000087-0000-0000-0000-000000000000}.Debug|Win32.ActiveCfg = Debug|Win32
		{00000087-0000-0000-0000-000000000000}.Debug|Win32.Build.0 = Debug|Win32
		{00000087-0000-0000-0000-000000000000}.Debug|x64.ActiveCfg = Debug|x64
		{00000087-0000-0000-0000-000000000000}.Debug|x64.Build.0 = Debug|x64
		{00000087-0000-0000-0000-000000000000}.Release|Win32.ActiveCfg = Release|Win32
		{00000087-0000-0000-0000-000000000000}.Release|Win32.Build.0 = Release|Win32
		{00000087-0000-0000-0000-000000000000}.Release|x64.ActiveCfg = Release|x64
		{00000087-0000-0000-0000-000000000000}.Release|x64.Build.0 = Release|x64
		{0000000D-0000-0000-0000-000000000000}.Debug|Win32.ActiveCfg = Debug|Win32
		{0000000D-0000-0000-0000-000000000000}.Debug|Win32.Build.0 = Debug|Win32
		{0000000D-0000-0000-0000-000000000000}.Debug|x64.ActiveCfg = Debug|x64
		{0000000D-0000-0000-0000-000000000000}.Debug|x64.Build.0 = Debug|x64
		{0000000D-0000-0000-0000-000000000000}.Release|Win32.ActiveCfg = Release|Win32
		{0000000D-0000-0000-0000-000000000000}.Release|Win32.Build.0 = Release|Win32
		{0000000D-0000-0000-0000-000000000000}.Release|x64.ActiveCfg = Release|x64
		{0000000D-0000-0000-0000-000000000000}.Release|x64.Build.0 = Release|x64
		{0000006C-0000-0000-0000-000000000000}.Debug|Win32.ActiveCfg = Debug|Win32
		{0000006C-0000-0000-0000-000000000000}.Debug|Win32.Build.0 = Debug|Win32
		{0000006C-0000-0000-0000-000000000000}.Debug|x64.ActiveCfg = Debug|x64
		{0000006C-0000-0000-0000-000000000000}.Debug|x64.Build.0 = Debug|x64
		{0000006C-0000-0000-0000-000000000000}.Release|Win32.ActiveCfg = Release|Win32
		{0000006C-0000-0000-0000-000000000000}.Release|Win32.Build.0 = Release|Win32
		{0000006C-0000-0000-0000-000000000000}.Release|x64.ActiveCfg = Release|x64
		{0000006C-0000-0000-0000-000000000000}.Release|x64.Build.0 = Release|x64
		{000009D7-0000-0000-0000-000000000000}.Debug|Win32.ActiveCfg = Debug|Win32
		{000009D7-0000-0000-0000-000000000000}.Debug|Win32.Build.0 = Debug|Win32
		{000009D7-0000-0000-0000-000000000000}.Debug|x64.ActiveCfg = Debug|x64
		{000009D7-0000-0000-0000-000000000000}.Debug|x64.Build.0 = Debug|x64
		{000009D7-0000-0000-0000-000000000000}.Release|Win32.ActiveCfg = Release|Win32
		{000009D7-0000-0000-0000-000000000000}.Release|Win32.Build.0 = Release|Win32
		{000009D7-0000-0000-0000-000000000000}.Release|x64.ActiveCfg = Release|x64
		{000009D7-0000-0000-0000-000000000000}.Release|x64.Build.0 = Release|x64
		{0000082D-0000-0000-0000-000000000000}.Debug|Win32.ActiveCfg = Debug|Win32
		{0000082D-0000-0000-0000-000000000000}.Debug|Win32.Build.0 = Debug|Win32
		{0000082D-0000-0000-0000-000000000000}.Debug|x64.ActiveCfg = Debug|x64
		{0000082D-0000-0000-0000-000000000000}.Debug|x64.Build.0 = Debug|x64
		{0000082D-0000-0000-0000-000000000000}.Release|Win32.ActiveCfg = Release|Win32
		{0000082D-0000-0000-0000-000000000000}.Release|Win32.Build.0 = Release|Win32
		{0000082D-0000-0000-0000-000000000000}.Release|x64.ActiveCfg = Release|x64
		{0000082D-0000-0000-0000-000000000000}.Release|x64.Build.0 = Release|x64
		{000006FB-0000-0000-0000-000000000000}.Debug|Win32.ActiveCfg = Debug|Win32
		{000006FB-0000-0000-0000-000000000000}.Debug|Win32.Build.0 = Debug|Win32
		{000006FB-0000-0000-0000-000000000000}.Debug|x64.ActiveCfg = Debug|x64
		{000006FB-0000-0000-0000-000000000000}.Debug|x64.Build.0 = Debug|x64
		{000006FB-0000-0000-0000-000000000000}.Release|Win32.ActiveCfg = Release|Win32
		{000006FB-0000-0000-0000-000000000000}.Release|Win32.Build.0 = Release|Win32
		{000006FB-0000-0000-0000-000000000000}.Release|x64.ActiveCfg = Release|x64
		{000006FB-0000-0000-0000-000000000000}.Release|x64.Build.0 = Release|x64
		{00000058-0000-0000-0000-000000000000}.Debug|Win32.ActiveCfg = Debug|Win32
		{00000058-0000-0000-0000-000000000000}.Debug|Win32.Build.0 = Debug|Win32
		{00000058-0000-0000-0000-000000000000}.Debug|x64.ActiveCfg = Debug|x64
		{00000058-0000-0000-0000-000000000000}.Debug|x64.Build.0 = Debug|x64
		{00000058-0000-0000-0000-000000000000}.Release|Win32.ActiveCfg = Release|Win32
		{00000058-0000-0000-0000-000000000000}.Release|Win32.Build.0 = Release|Win32
		{00000058-0000-0000-0000-000000000000}.Release|x64.ActiveCfg = Release|x64
		{00000058-0000-0000-0000-000000000000}.Release|x64.Build.0 = Release|x64
		{0000005D-0000-0000-0000-000000000000}.Debug|Win32.ActiveCfg = Debug|Win32
		{0000005D-0000-0000-0000-000000000000}.Debug|Win32.Build.0 = Debug|Win32
		{0000005D-0000-0000-0000-000000000000}.Debug|x64.ActiveCfg = Debug|x64
		{0000005D-0000-0000-0000-000000000000}.Debug|x64.Build.0 = Debug|x64
		{0000005D-0000-0000-0000-000000000000}.Release|Win32.ActiveCfg = Release|Win32
		{0000005D-0000-0000-0000-000000000000}.Release|Win32.Build.0 = Release|Win32
		{0000005D-0000-0000-0000-000000000000}.Release|x64.ActiveCfg = Release|x64
		{0000005D-0000-0000-0000-000000000000}.Release|x64.Build.0 = Release|x64
		{0000002E-0000-0000-0000-000000000000}.Debug|Win32.ActiveCfg = Debug|Win32
		{0000002E-0000-0000-0000-000000000000}.Debug|Win32.Build.0 = Debug|Win32
		{0000002E-0000-0000-0000-000000000000}.Debug|x64.ActiveCfg = Debug|x64
		{0000002E-0000-0000-0000-000000000000}.Debug|x64.Build.0 = Debug|x64
		{0000002E-0000-0000-0000-000000000000}.Release|Win32.ActiveCfg = Release|Win32
		{0000002E-0000-0000-0000-000000000000}.Release|Win32.Build.0 = Release|Win32
		{0000002E-0000-0000-0000-000000000000}.Release|x64.ActiveCfg = Release|x64
		{0000002E-0000-0000-0000-000000000000}.Release|x64.Build.0 = Release|x64
		{0000000A-0000-0000-0000-000000000000}.Debug|Win32.ActiveCfg = Debug|Win32
		{0000000A-0000-0000-0000-000000000000}.Debug|Win32.Build.0 = Debug|Win32
		{0000000A-0000-0000-0000-000000000000}.Debug|x64.ActiveCfg = Debug|x64
		{0000000A-0000-0000-0000-000000000000}.Debug|x64.Build.0 = Debug|x64
		{0000000A-0000-0000-0000-000000000000}.Release|Win32.ActiveCfg = Release|Win32
		{0000000A-0000-0000-0000-000000000000}.Release|Win32.Build.0 = Release|Win32
		{0000000A-0000-0000-0000-000000000000}.Release|x64.ActiveCfg = Release|x64
		{0000000A-0000-0000-0000-000000000000}.Release|x64.Build.0 = Release|x64
		{00009E51-0000-0000-0000-000000000000}.Debug|Win32.ActiveCfg = Debug|Win32
		{00009E51-0000-0000-0000-000000000000}.Debug|Win32.Build.0 = Debug|Win32
		{00009E51-0000-0000-0000-000000000000}.Debug|x64.ActiveCfg = Debug|x64
		{00009E51-0000-0000-0000-000000000000}.Debug|x64.Build.0 = Debug|x64
		{00009E51-0000-0000-0000-000000000000}.Release|Win32.ActiveCfg = Release|Win32
		{00009E51-0000-0000-0000-000000000000}.Release|Win32.Build.0 = Release|Win32
		{00009E51-0000-0000-0000-000000000000}.Release|x64.ActiveCfg = Release|x64
		{00009E51-0000-0000-0000-000000000000}.Release|x64.Build.0 = Release|x64
		{0000000B-0000-0000-0000-000000000000}.Debug|Win32.ActiveCfg = Debug|Win32
		{0000000B-0000-0000-0000-000000000000}.Debug|Win32.Build.0 = Debug|Win32
		{0000000B-0000-0000-0000-000000000000}.Debug|x64.ActiveCfg = Debug|x64
		{0000000B-0000-0000-0000-000000000000}.Debug|x64.Build.0 = Debug|x64
		{0000000B-0000-0000-0000-000000000000}.Release|Win32.ActiveCfg = Release|Win32
		{0000000B-0000-0000-0000-000000000000}.Release|Win32.Build.0 = Release|Win32
		{0000000B-0000-0000-0000-000000000000}.Release|x64.ActiveCfg = Release|x64
		{0000000B-0000-0000-0000-000000000000}.Release|x64.Build.0 = Release|x64
		{000000FD-0000-0000-0000-000000000000}.Debug|Win32.ActiveCfg = Debug|Win32
		{000000FD-0000-0000-0000-000000000000}.Debug|Win32.Build.0 = Debug|Win32
		{000000FD-0000-0000-0000-000000000000}.Debug|x64.ActiveCfg = Debug|x64
		{000000FD-0000-0000-0000-000000000000}.Debug|x64.Build.0 = Debug|x64
		{000000FD-0000-0000-0000-000000000000}.Release|Win32.ActiveCfg = Release|Win32
		{000000FD-0000-0000-0000-000000000000}.Release|Win32.Build.0 = Release|Win32
		{000000FD-0000-0000-0000-000000000000}.Release|x64.ActiveCfg = Release|x64
		{000000FD-0000-0000-0000-000000000000}.Release|x64.Build.0 = Release|x64
		{00000047-0000-0000-0000-000000000000}.Debug|Win32.ActiveCfg = Debug|Win32
		{00000047-0000-0000-0000-000000000000}.Debug|Win32.Build.0 = Debug|Win32
		{00000047-0000-0000-0000-000000000000}.Debug|x64.ActiveCfg = Debug|x64
		{00000047-0000-0000-0000-000000000000}.Debug|x64.Build.0 = Debug|x64
		{00000047-0000-0000-0000-000000000000}.Release|Win32.ActiveCfg = Release|Win32
		{00000047-0000-0000-0000-000000000000}.Release|Win32.Build.0 = Release|Win32
		{00000047-0000-0000-0000-000000000000}.Release|x64.ActiveCfg = Release|x64
		{00000047-0000-0000-0000-000000000000}.Release|x64.Build.0 = Release|x64
		{000000A3-0000-0000-0000-000000000000}.Debug|Win32.ActiveCfg = Debug|Win32
		{000000A3-0000-0000-0000-000000000000}.Debug|Win32.Build.0 = Debug|Win32
		{000000A3-0000-0000-0000-000000000000}.Debug|x64.ActiveCfg = Debug|x64
		{000000A3-0000-0000-0000-000000000000}.Debug|x64.Build.0 = Debug|x64
		{000000A3-0000-0000-0000-000000000000}.Release|Win32.ActiveCfg = Release|Win32
		{000000A3-0000-0000-0000-000000000000}.Release|Win32.Build.0 = Release|Win32
		{000000A3-0000-0000-0000-000000000000}.Release|x64.ActiveCfg = Release|x64
		{000000A3-0000-0000-0000-000000000000}.Release|x64.Build.0 = Release|x64
		{000000A4-0000-0000-0000-000000000000}.Debug|Win32.ActiveCfg = Debug|Win32
		{000000A4-0000-0000-0000-000000000000}.Debug|Win32.Build.0 = Debug|Win32
		{000000A4-0000-0000-0000-000000000000}.Debug|x64.ActiveCfg = Debug|x64
		{000000A4-0000-0000-0000-000000000000}.Debug|x64.Build.0 = Debug|x64
		{000000A4-0000-0000-0000-000000000000}.Release|Win32.ActiveCfg = Release|Win32
		{000000A4-0000-0000-0000-000000000000}.Release|Win32.Build.0 = Release|Win32
		{000000A4-0000-0000-0000-000000000000}.Release|x64.ActiveCfg = Release|x64
		{000000A4-0000-0000-0000-000000000000}.Release|x64.Build.0 = Release|x64
		{000000E4-0000-0000-0000-000000000000}.Debug|Win32.ActiveCfg = Debug|Win32
		{000000E4-0000-0000-0000-000000000000}.Debug|Win32.Build.0 = Debug|Win32
		{000000E4-0000-0000-0000-000000000000}.Debug|x64.ActiveCfg = Debug|x64
		{000000E4-0000-0000-0000-000000000000}.Debug|x64.Build.0 = Debug|x64
		{000000E4-0000-0000-0000-000000000000}.Release|Win32.ActiveCfg = Release|Win32
		{000000E4-0000-0000-0000-000000000000}.Release|Win32.Build.0 = Release|Win32
		{000000E4-0000-0000-0000-000000000000}.Release|x64.ActiveCfg = Release|x64
		{000000E4-0000-0000-0000-000000000000}.Release|x64.Build.0 = Release|x64
		{00000A1E-0000-0000-0000-000000000000}.Debug|Win32.ActiveCfg = Debug|Win32
		{00000A1E-0000-0000-0000-000000000000}.Debug|Win32.Build.0 = Debug|Win32
		{00000A1E-0000-0000-0000-000000000000}.Debug|x64.ActiveCfg = Debug|x64
		{00000A1E-0000-0000-0000-000000000000}.Debug|x64.Build.0 = Debug|x64
		{00000A1E-0000-0000-0000-000000000000}.Release|Win32.ActiveCfg = Release|Win32
		{00000A1E-0000-0000-0000-000000000000}.Release|Win32.Build.0 = Release|Win32
		{00000A1E-0000-0000-0000-000000000000}.Release|x64.ActiveCfg = Release|x64
		{00000A1E-0000-0000-0000-000000000000}.Release|x64.Build.0 = Release|x64
		{85413B56-F112-447A-BF3F-DAF1A6ADF012}.Debug|Win32.ActiveCfg = Debug|Win32
		{85413B56-F112-447A-BF3F-DAF1A6ADF012}.Debug|Win32.Build.0 = Debug|Win32
		{85413B56-F112-447A-BF3F-DAF1A6ADF012}.Debug|x64.ActiveCfg = Debug|x64
		{85413B56-F112-447A-BF3F-DAF1A6ADF012}.Debug|x64.Build.0 = Debug|x64
		{85413B56-F112-447A-BF3F-DAF1A6ADF012}.Release|Win32.ActiveCfg = Release|Win32
		{85413B56-F112-447A-BF3F-DAF1A6ADF012}.Release|Win32.Build.0 = Release|Win32
		{85413B56-F112-447A-BF3F-DAF1A6ADF012}.Release|x64.ActiveCfg = Release|x64
		{85413B56-F112-447A-BF3F-DAF1A6ADF012}.Release|x64.Build.0 = Release|x64
		{40237B9D-0000-0000-0000-000000000000}.Debug|Win32.ActiveCfg = Debug|Win32
		{40237B9D-0000-0000-0000-000000000000}.Debug|Win32.Build.0 = Debug|Win32
		{40237B9D-0000-0000-0000-000000000000}.Debug|x64.ActiveCfg = Debug|x64
		{40237B9D-0000-0000-0000-000000000000}.Debug|x64.Build.0 = Debug|x64
		{40237B9D-0000-0000-0000-000000000000}.Release|Win32.ActiveCfg = Release|Win32
		{40237B9D-0000-0000-0000-000000000000}.Release|Win32.Build.0 = Release|Win32
		{40237B9D-0000-0000-0000-000000000000}.Release|x64.ActiveCfg = Release|x64
		{40237B9D-0000-0000-0000-000000000000}.Release|x64.Build.0 = Release|x64
		{0000000F-0000-0000-0000-000000000000}.Debug|Win32.ActiveCfg = Debug|Win32
		{0000000F-0000-0000-0000-000000000000}.Debug|Win32.Build.0 = Debug|Win32
		{0000000F-0000-0000-0000-000000000000}.Debug|x64.ActiveCfg = Debug|x64
		{0000000F-0000-0000-0000-000000000000}.Debug|x64.Build.0 = Debug|x64
		{0000000F-0000-0000-0000-000000000000}.Release|Win32.ActiveCfg = Release|Win32
		{0000000F-0000-0000-0000-000000000000}.Release|Win32.Build.0 = Release|Win32
		{0000000F-0000-0000-0000-000000000000}.Release|x64.ActiveCfg = Release|x64
		{0000000F-0000-0000-0000-000000000000}.Release|x64.Build.0 = Release|x64
		{00000002-0000-0000-0000-000000000000}.Debug|Win32.ActiveCfg = Debug|Win32
		{00000002-0000-0000-0000-000000000000}.Debug|Win32.Build.0 = Debug|Win32
		{00000002-0000-0000-0000-000000000000}.Debug|x64.ActiveCfg = Debug|x64
		{00000002-0000-0000-0000-000000000000}.Debug|x64.Build.0 = Debug|x64
		{00000002-0000-0000-0000-000000000000}.Release|Win32.ActiveCfg = Release|Win32
		{00000002-0000-0000-0000-000000000000}.Release|Win32.Build.0 = Release|Win32
		{00000002-0000-0000-0000-000000000000}.Release|x64.ActiveCfg = Release|x64
		{00000002-0000-0000-0000-000000000000}.Release|x64.Build.0 = Release|x64
		{00000EE2-0000-0000-0000-000000000000}.Debug|Win32.ActiveCfg = Debug|Win32
		{00000EE2-0000-0000-0000-000000000000}.Debug|Win32.Build.0 = Debug|Win32
		{00000EE2-0000-0000-0000-000000000000}.Debug|x64.ActiveCfg = Debug|x64
		{00000EE2-0000-0000-0000-000000000000}.Debug|x64.Build.0 = Debug|x64
		{00000EE2-0000-0000-0000-000000000000}.Release|Win32.ActiveCfg = Release|Win32
		{00000EE2-0000-0000-0000-000000000000}.Release|Win32.Build.0 = Release|Win32
		{00000EE2-0000-0000-0000-000000000000}.Release|x64.ActiveCfg = Release|x64
		{00000EE2-0000-0000-0000-000000000000}.Release|x64.Build.0 = Release|x64
		{000000D4-0000-0000-0000-000000000000}.Debug|Win32.ActiveCfg = Debug|Win32
		{000000D4-0000-0000-0000-000000000000}.Debug|Win32.Build.0 = Debug|Win32
		{000000D4-0000-0000-0000-000000000000}.Debug|x64.ActiveCfg = Debug|x64
		{000000D4-0000-0000-0000-000000000000}.Debug|x64.Build.0 = Debug|x64
		{000000D4-0000-0000-0000-000000000000}.Release|Win32.ActiveCfg = Release|Win32
		{000000D4-0000-0000-0000-000000000000}.Release|Win32.Build.0 = Release|Win32
		{000000D4-0000-0000-0000-000000000000}.Release|x64.ActiveCfg = Release|x64
		{000000D4-0000-0000-0000-000000000000}.Release|x64.Build.0 = Release|x64
		{6F673FCA-6771-47AF-8275-2FF611B58FBB}.Debug|Win32.ActiveCfg = Debug|Win32
		{6F673FCA-6771-47AF-8275-2FF611B58FBB}.Debug|Win32.Build.0 = Debug|Win32
		{6F673FCA-6771-47AF-8275-2FF611B58FBB}.Debug|x64.ActiveCfg = Debug|x64
		{6F673FCA-6771-47AF-8275-2FF611B58FBB}.Debug|x64.Build.0 = Debug|x64
		{6F673FCA-6771-47AF-8275-2FF611B58FBB}.Release|Win32.ActiveCfg = Release|Win32
		{6F673FCA-6771-47AF-8275-2FF611B58FBB}.Release|Win32.Build.0 = Release|Win32
		{6F673FCA-6771-47AF-8275-2FF611B58FBB}.Release|x64.ActiveCfg = Release|x64
		{6F673FCA-6771-47AF-8275-2FF611B58FBB}.Release|x64.Build.0 = Release|x64
		{00FB5088-0000-0000-0000-000000000000}.Debug|Win32.ActiveCfg = Debug|Win32
		{00FB5088-0000-0000-0000-000000000000}.Debug|Win32.Build.0 = Debug|Win32
		{00FB5088-0000-0000-0000-000000000000}.Debug|x64.ActiveCfg = Debug|x64
		{00FB5088-0000-0000-0000-000000000000}.Debug|x64.Build.0 = Debug|x64
		{00FB5088-0000-0000-0000-000000000000}.Release|Win32.ActiveCfg = Release|Win32
		{00FB5088-0000-0000-0000-000000000000}.Release|Win32.Build.0 = Release|Win32
		{00FB5088-0000-0000-0000-000000000000}.Release|x64.ActiveCfg = Release|x64
		{00FB5088-0000-0000-0000-000000000000}.Release|x64.Build.0 = Release|x64
		{00000477-0000-0000-0000-000000000000}.Debug|Win32.ActiveCfg = Debug|Win32
		{00000477-0000-0000-0000-000000000000}.Debug|Win32.Build.0 = Debug|Win32
		{00000477-0000-0000-0000-000000000000}.Debug|x64.ActiveCfg = Debug|x64
		{00000477-0000-0000-0000-000000000000}.Debug|x64.Build.0 = Debug|x64
		{00000477-0000-0000-0000-000000000000}.Release|Win32.ActiveCfg = Release|Win32
		{00000477-0000-0000-0000-000000000000}.Release|Win32.Build.0 = Release|Win32
		{00000477-0000-0000-0000-000000000000}.Release|x64.ActiveCfg = Release|x64
		{00000477-0000-0000-0000-000000000000}.Release|x64.Build.0 = Release|x64
		{0000008E-0000-0000-0000-000000000000}.Debug|Win32.ActiveCfg = Debug|Win32
		{0000008E-0000-0000-0000-000000000000}.Debug|Win32.Build.0 = Debug|Win32
		{0000008E-0000-0000-0000-000000000000}.Debug|x64.ActiveCfg = Debug|x64
		{0000008E-0000-0000-0000-000000000000}.Debug|x64.Build.0 = Debug|x64
		{0000008E-0000-0000-0000-000000000000}.Release|Win32.ActiveCfg = Release|Win32
		{0000008E-0000-0000-0000-000000000000}.Release|Win32.Build.0 = Release|Win32
		{0000008E-0000-0000-0000-000000000000}.Release|x64.ActiveCfg = Release|x64
		{0000008E-0000-0000-0000-000000000000}.Release|x64.Build.0 = Release|x64
		{00A9403F-0000-0000-0000-000000000000}.Debug|Win32.ActiveCfg = Debug|Win32
		{00A9403F-0000-0000-0000-000000000000}.Debug|Win32.Build.0 = Debug|Win32
		{00A9403F-0000-0000-0000-000000000000}.Debug|x64.ActiveCfg = Debug|x64
		{00A9403F-0000-0000-0000-000000000000}.Debug|x64.Build.0 = Debug|x64
		{00A9403F-0000-0000-0000-000000000000}.Release|Win32.ActiveCfg = Release|Win32
		{00A9403F-0000-0000-0000-000000000000}.Release|Win32.Build.0 = Release|Win32
		{00A9403F-0000-0000-0000-000000000000}.Release|x64.ActiveCfg = Release|x64
		{00A9403F-0000-0000-0000-000000000000}.Release|x64.Build.0 = Release|x64
		{00000085-0000-0000-0000-000000000000}.Debug|Win32.ActiveCfg = Debug|Win32
		{00000085-0000-0000-0000-000000000000}.Debug|Win32.Build.0 = Debug|Win32
		{00000085-0000-0000-0000-000000000000}.Debug|x64.ActiveCfg = Debug|x64
		{00000085-0000-0000-0000-000000000000}.Debug|x64.Build.0 = Debug|x64
		{00000085-0000-0000-0000-000000000000}.Release|Win32.ActiveCfg = Release|Win32
		{00000085-0000-0000-0000-000000000000}.Release|Win32.Build.0 = Release|Win32
		{00000085-0000-0000-0000-000000000000}.Release|x64.ActiveCfg = Release|x64
		{00000085-0000-0000-0000-000000000000}.Release|x64.Build.0 = Release|x64
		{000000E1-0000-0000-0000-000000000000}.Debug|Win32.ActiveCfg = Debug|Win32
		{000000E1-0000-0000-0000-000000000000}.Debug|Win32.Build.0 = Debug|Win32
		{000000E1-0000-0000-0000-000000000000}.Debug|x64.ActiveCfg = Debug|x64
		{000000E1-0000-0000-0000-000000000000}.Debug|x64.Build.0 = Debug|x64
		{000000E1-0000-0000-0000-000000000000}.Release|Win32.ActiveCfg = Release|Win32
		{000000E1-0000-0000-0000-000000000000}.Release|Win32.Build.0 = Release|Win32
		{000000E1-0000-0000-0000-000000000000}.Release|x64.ActiveCfg = Release|x64
		{000000E1-0000-0000-0000-000000000000}.Release|x64.Build.0 = Release|x64
		{00000003-0000-0000-0000-000000000000}.Debug|Win32.ActiveCfg = Debug|Win32
		{00000003-0000-0000-0000-000000000000}.Debug|Win32.Build.0 = Debug|Win32
		{00000003-0000-0000-0000-000000000000}.Debug|x64.ActiveCfg = Debug|x64
		{00000003-0000-0000-0000-000000000000}.Debug|x64.Build.0 = Debug|x64
		{00000003-0000-0000-0000-000000000000}.Release|Win32.ActiveCfg = Release|Win32
		{00000003-0000-0000-0000-000000000000}.Release|Win32.Build.0 = Release|Win32
		{00000003-0000-0000-0000-000000000000}.Release|x64.ActiveCfg = Release|x64
		{00000003-0000-0000-0000-000000000000}.Release|x64.Build.0 = Release|x64
		{00000008-0000-0000-0000-000000000000}.Debug|Win32.ActiveCfg = Debug|Win32
		{00000008-0000-0000-0000-000000000000}.Debug|Win32.Build.0 = Debug|Win32
		{00000008-0000-0000-0000-000000000000}.Debug|x64.ActiveCfg = Debug|x64
		{00000008-0000-0000-0000-000000000000}.Debug|x64.Build.0 = Debug|x64
		{00000008-0000-0000-0000-000000000000}.Release|Win32.ActiveCfg = Release|Win32
		{00000008-0000-0000-0000-000000000000}.Release|Win32.Build.0 = Release|Win32
		{00000008-0000-0000-0000-000000000000}.Release|x64.ActiveCfg = Release|x64
		{00000008-0000-0000-0000-000000000000}.Release|x64.Build.0 = Release|x64
		{00000319-0000-0000-0000-000000000000}.Debug|Win32.ActiveCfg = Debug|Win32
		{00000319-0000-0000-0000-000000000000}.Debug|Win32.Build.0 = Debug|Win32
		{00000319-0000-0000-0000-000000000000}.Debug|x64.ActiveCfg = Debug|x64
		{00000319-0000-0000-0000-000000000000}.Debug|x64.Build.0 = Debug|x64
		{00000319-0000-0000-0000-000000000000}.Release|Win32.ActiveCfg = Release|Win32
		{00000319-0000-0000-0000-000000000000}.Release|Win32.Build.0 = Release|Win32
		{00000319-0000-0000-0000-000000000000}.Release|x64.ActiveCfg = Release|x64
		{00000319-0000-0000-0000-000000000000}.Release|x64.Build.0 = Release|x64
		{0000002C-0000-0000-0000-000000000000}.Debug|Win32.ActiveCfg = Debug|Win32
		{0000002C-0000-0000-0000-000000000000}.Debug|Win32.Build.0 = Debug|Win32
		{0000002C-0000-0000-0000-000000000000}.Debug|x64.ActiveCfg = Debug|x64
		{0000002C-0000-0000-0000-000000000000}.Debug|x64.Build.0 = Debug|x64
		{0000002C-0000-0000-0000-000000000000}.Release|Win32.ActiveCfg = Release|Win32
		{0000002C-0000-0000-0000-000000000000}.Release|Win32.Build.0 = Release|Win32
		{0000002C-0000-0000-0000-000000000000}.Release|x64.ActiveCfg = Release|x64
		{0000002C-0000-0000-0000-000000000000}.Release|x64.Build.0 = Release|x64
		{0000018C-0000-0000-0000-000000000000}.Debug|Win32.ActiveCfg = Debug|Win32
		{0000018C-0000-0000-0000-000000000000}.Debug|Win32.Build.0 = Debug|Win32
		{0000018C-0000-0000-0000-000000000000}.Debug|x64.ActiveCfg = Debug|x64
		{0000018C-0000-0000-0000-000000000000}.Debug|x64.Build.0 = Debug|x64
		{0000018C-0000-0000-0000-000000000000}.Release|Win32.ActiveCfg = Release|Win32
		{0000018C-0000-0000-0000-000000000000}.Release|Win32.Build.0 = Release|Win32
		{0000018C-0000-0000-0000-000000000000}.Release|x64.ActiveCfg = Release|x64
		{0000018C-0000-0000-0000-000000000000}.Release|x64.Build.0 = Release|x64
		{000000DA-0000-0000-0000-000000000000}.Debug|Win32.ActiveCfg = Debug|Win32
		{000000DA-0000-0000-0000-000000000000}.Debug|Win32.Build.0 = Debug|Win32
		{000000DA-0000-0000-0000-000000000000}.Debug|x64.ActiveCfg = Debug|x64
		{000000DA-0000-0000-0000-000000000000}.Debug|x64.Build.0 = Debug|x64
		{000000DA-0000-0000-0000-000000000000}.Release|Win32.ActiveCfg = Release|Win32
		{000000DA-0000-0000-0000-000000000000}.Release|Win32.Build.0 = Release|Win32
		{000000DA-0000-0000-0000-000000000000}.Release|x64.ActiveCfg = Release|x64
		{000000DA-0000-0000-0000-000000000000}.Release|x64.Build.0 = Release|x64
		{00000004-0000-0000-0000-000000000000}.Debug|Win32.ActiveCfg = Debug|Win32
		{00000004-0000-0000-0000-000000000000}.Debug|Win32.Build.0 = Debug|Win32
		{00000004-0000-0000-0000-000000000000}.Debug|x64.ActiveCfg = Debug|x64
		{00000004-0000-0000-0000-000000000000}.Debug|x64.Build.0 = Debug|x64
		{00000004-0000-0000-0000-000000000000}.Release|Win32.ActiveCfg = Release|Win32
		{00000004-0000-0000-0000-000000000000}.Release|Win32.Build.0 = Release|Win32
		{00000004-0000-0000-0000-000000000000}.Release|x64.ActiveCfg = Release|x64
		{00000004-0000-0000-0000-000000000000}.Release|x64.Build.0 = Release|x64
		{00000BA1-0000-0000-0000-000000000000}.Debug|Win32.ActiveCfg = Debug|Win32
		{00000BA1-0000-0000-0000-000000000000}.Debug|Win32.Build.0 = Debug|Win32
		{00000BA1-0000-0000-0000-000000000000}.Debug|x64.ActiveCfg = Debug|x64
		{00000BA1-0000-0000-0000-000000000000}.Debug|x64.Build.0 = Debug|x64
		{00000BA1-0000-0000-0000-000000000000}.Release|Win32.ActiveCfg = Release|Win32
		{00000BA1-0000-0000-0000-000000000000}.Release|Win32.Build.0 = Release|Win32
		{00000BA1-0000-0000-0000-000000000000}.Release|x64.ActiveCfg = Release|x64
		{00000BA1-0000-0000-0000-000000000000}.Release|x64.Build.0 = Release|x64
		{000000EC-0000-0000-0000-000000000000}.Debug|Win32.ActiveCfg = Debug|Win32
		{000000EC-0000-0000-0000-000000000000}.Debug|Win32.Build.0 = Debug|Win32
		{000000EC-0000-0000-0000-000000000000}.Debug|x64.ActiveCfg = Debug|x64
		{000000EC-0000-0000-0000-000000000000}.Debug|x64.Build.0 = Debug|x64
		{000000EC-0000-0000-0000-000000000000}.Release|Win32.ActiveCfg = Release|Win32
		{000000EC-0000-0000-0000-000000000000}.Release|Win32.Build.0 = Release|Win32
		{000000EC-0000-0000-0000-000000000000}.Release|x64.ActiveCfg = Release|x64
		{000000EC-0000-0000-0000-000000000000}.Release|x64.Build.0 = Release|x64
		{00000F0C-0000-0000-0000-000000000000}.Debug|Win32.ActiveCfg = Debug|Win32
		{00000F0C-0000-0000-0000-000000000000}.Debug|Win32.Build.0 = Debug|Win32
		{00000F0C-0000-0000-0000-000000000000}.Debug|x64.ActiveCfg = Debug|x64
		{00000F0C-0000-0000-0000-000000000000}.Debug|x64.Build.0 = Debug|x64
		{00000F0C-0000-0000-0000-000000000000}.Release|Win32.ActiveCfg = Release|Win32
		{00000F0C-0000-0000-0000-000000000000}.Release|Win32.Build.0 = Release|Win32
		{00000F0C-0000-0000-0000-000000000000}.Release|x64.ActiveCfg = Release|x64
		{00000F0C-0000-0000-0000-000000000000}.Release|x64.Build.0 = Release|x64
		{0008F12A-0000-0000-0000-000000000000}.Debug|Win32.ActiveCfg = Debug|Win32
		{0008F12A-0000-0000-0000-000000000000}.Debug|Win32.Build.0 = Debug|Win32
		{0008F12A-0000-0000-0000-000000000000}.Debug|x64.ActiveCfg = Debug|x64
		{0008F12A-0000-0000-0000-000000000000}.Debug|x64.Build.0 = Debug|x64
		{0008F12A-0000-0000-0000-000000000000}.Release|Win32.ActiveCfg = Release|Win32
		{0008F12A-0000-0000-0000-000000000000}.Release|Win32.Build.0 = Release|Win32
		{0008F12A-0000-0000-0000-000000000000}.Release|x64.ActiveCfg = Release|x64
		{0008F12A-0000-0000-0000-000000000000}.Release|x64.Build.0 = Release|x64
		{DB164DD4-3A89-437A-BD08-A660DC0E1020}.Debug|Win32.ActiveCfg = Debug|Win32
		{DB164DD4-3A89-437A-BD08-A660DC0E1020}.Debug|Win32.Build.0 = Debug|Win32
		{DB164DD4-3A89-437A-BD08-A660DC0E1020}.Debug|x64.ActiveCfg = Debug|x64
		{DB164DD4-3A89-437A-BD08-A660DC0E1020}.Debug|x64.Build.0 = Debug|x64
		{DB164DD4-3A89-437A-BD08-A660DC0E1020}.Release|Win32.ActiveCfg = Release|Win32
		{DB164DD4-3A89-437A-BD08-A660DC0E1020}.Release|Win32.Build.0 = Release|Win32
		{DB164DD4-3A89-437A-BD08-A660DC0E1020}.Release|x64.ActiveCfg = Release|x64
		{DB164DD4-3A89-437A-BD08-A660DC0E1020}.Release|x64.Build.0 = Release|x64
		{00000009-0000-0000-0000-000000000000}.Debug|Win32.ActiveCfg = Debug|Win32
		{00000009-0000-0000-0000-000000000000}.Debug|Win32.Build.0 = Debug|Win32
		{00000009-0000-0000-0000-000000000000}.Debug|x64.ActiveCfg = Debug|x64
		{00000009-0000-0000-0000-000000000000}.Debug|x64.Build.0 = Debug|x64
		{00000009-0000-0000-0000-000000000000}.Release|Win32.ActiveCfg = Release|Win32
		{00000009-0000-0000-0000-000000000000}.Release|Win32.Build.0 = Release|Win32
		{00000009-0000-0000-0000-000000000000}.Release|x64.ActiveCfg = Release|x64
		{00000009-0000-0000-0000-000000000000}.Release|x64.Build.0 = Release|x64
		{000EE39D-0000-0000-0000-000000000000}.Debug|Win32.ActiveCfg = Debug|Win32
		{000EE39D-0000-0000-0000-000000000000}.Debug|Win32.Build.0 = Debug|Win32
		{000EE39D-0000-0000-0000-000000000000}.Debug|x64.ActiveCfg = Debug|x64
		{000EE39D-0000-0000-0000-000000000000}.Debug|x64.Build.0 = Debug|x64
		{000EE39D-0000-0000-0000-000000000000}.Release|Win32.ActiveCfg = Release|Win32
		{000EE39D-0000-0000-0000-000000000000}.Release|Win32.Build.0 = Release|Win32
		{000EE39D-0000-0000-0000-000000000000}.Release|x64.ActiveCfg = Release|x64
		{000EE39D-0000-0000-0000-000000000000}.Release|x64.Build.0 = Release|x64
		{0000005C-0000-0000-0000-000000000000}.Debug|Win32.ActiveCfg = Debug|Win32
		{0000005C-0000-0000-0000-000000000000}.Debug|Win32.Build.0 = Debug|Win32
		{0000005C-0000-0000-0000-000000000000}.Debug|x64.ActiveCfg = Debug|x64
		{0000005C-0000-0000-0000-000000000000}.Debug|x64.Build.0 = Debug|x64
		{0000005C-0000-0000-0000-000000000000}.Release|Win32.ActiveCfg = Release|Win32
		{0000005C-0000-0000-0000-000000000000}.Release|Win32.Build.0 = Release|Win32
		{0000005C-0000-0000-0000-000000000000}.Release|x64.ActiveCfg = Release|x64
		{0000005C-0000-0000-0000-000000000000}.Release|x64.Build.0 = Release|x64
		{0000FEE8-0000-0000-0000-000000000000}.Debug|Win32.ActiveCfg = Debug|Win32
		{0000FEE8-0000-0000-0000-000000000000}.Debug|Win32.Build.0 = Debug|Win32
		{0000FEE8-0000-0000-0000-000000000000}.Debug|x64.ActiveCfg = Debug|x64
		{0000FEE8-0000-0000-0000-000000000000}.Debug|x64.Build.0 = Debug|x64
		{0000FEE8-0000-0000-0000-000000000000}.Release|Win32.ActiveCfg = Release|Win32
		{0000FEE8-0000-0000-0000-000000000000}.Release|Win32.Build.0 = Release|Win32
		{0000FEE8-0000-0000-0000-000000000000}.Release|x64.ActiveCfg = Release|x64
		{0000FEE8-0000-0000-0000-000000000000}.Release|x64.Build.0 = Release|x64
		{00000B75-0000-0000-0000-000000000000}.Debug|Win32.ActiveCfg = Debug|Win32
		{00000B75-0000-0000-0000-000000000000}.Debug|Win32.Build.0 = Debug|Win32
		{00000B75-0000-0000-0000-000000000000}.Debug|x64.ActiveCfg = Debug|x64
		{00000B75-0000-0000-0000-000000000000}.Debug|x64.Build.0 = Debug|x64
		{00000B75-0000-0000-0000-000000000000}.Release|Win32.ActiveCfg = Release|Win32
		{00000B75-0000-0000-0000-000000000000}.Release|Win32.Build.0 = Release|Win32
		{00000B75-0000-0000-0000-000000000000}.Release|x64.ActiveCfg = Release|x64
		{00000B75-0000-0000-0000-000000000000}.Release|x64.Build.0 = Release|x64
		{0000006F-0000-0000-0000-000000000000}.Debug|Win32.ActiveCfg = Debug|Win32
		{0000006F-0000-0000-0000-000000000000}.Debug|Win32.Build.0 = Debug|Win32
		{0000006F-0000-0000-0000-000000000000}.Debug|x64.ActiveCfg = Debug|x64
		{0000006F-0000-0000-0000-000000000000}.Debug|x64.Build.0 = Debug|x64
		{0000006F-0000-0000-0000-000000000000}.Release|Win32.ActiveCfg = Release|Win32
		{0000006F-0000-0000-0000-000000000000}.Release|Win32.Build.0 = Release|Win32
		{0000006F-0000-0000-0000-000000000000}.Release|x64.ActiveCfg = Release|x64
		{0000006F-0000-0000-0000-000000000000}.Release|x64.Build.0 = Release|x64
		{0000DBBA-0000-0000-0000-000000000000}.Debug|Win32.ActiveCfg = Debug|Win32
		{0000DBBA-0000-0000-0000-000000000000}.Debug|Win32.Build.0 = Debug|Win32
		{0000DBBA-0000-0000-0000-000000000000}.Debug|x64.ActiveCfg = Debug|x64
		{0000DBBA-0000-0000-0000-000000000000}.Debug|x64.Build.0 = Debug|x64
		{0000DBBA-0000-0000-0000-000000000000}.Release|Win32.ActiveCfg = Release|Win32
		{0000DBBA-0000-0000-0000-000000000000}.Release|Win32.Build.0 = Release|Win32
		{0000DBBA-0000-0000-0000-000000000000}.Release|x64.ActiveCfg = Release|x64
		{0000DBBA-0000-0000-0000-000000000000}.Release|x64.Build.0 = Release|x64
		{1B7C6302-DA78-420B-BFA4-EC785D223E29}.Debug|Win32.ActiveCfg = Debug|Win32
		{1B7C6302-DA78-420B-BFA4-EC785D223E29}.Debug|Win32.Build.0 = Debug|Win32
		{1B7C6302-DA78-420B-BFA4-EC785D223E29}.Debug|x64.ActiveCfg = Debug|x64
		{1B7C6302-DA78-420B-BFA4-EC785D223E29}.Debug|x64.Build.0 = Debug|x64
		{1B7C6302-DA78-420B-BFA4-EC785D223E29}.Release|Win32.ActiveCfg = Release|Win32
		{1B7C6302-DA78-420B-BFA4-EC785D223E29}.Release|Win32.Build.0 = Release|Win32
		{1B7C6302-DA78-420B-BFA4-EC785D223E29}.Release|x64.ActiveCfg = Release|x64
		{1B7C6302-DA78-420B-BFA4-EC785D223E29}.Release|x64.Build.0 = Release|x64
		{D41B65B5-ACAA-4E07-9970-7E9A82A50799}.Debug|Win32.ActiveCfg = Debug|Win32
		{D41B65B5-ACAA-4E07-9970-7E9A82A50799}.Debug|Win32.Build.0 = Debug|Win32
		{D41B65B5-ACAA-4E07-9970-7E9A82A50799}.Debug|x64.ActiveCfg = Debug|x64
		{D41B65B5-ACAA-4E07-9970-7E9A82A50799}.Debug|x64.Build.0 = Debug|x64
		{D41B65B5-ACAA-4E07-9970-7E9A82A50799}.Release|Win32.ActiveCfg = Release|Win32
		{D41B65B5-ACAA-4E07-9970-7E9A82A50799}.Release|Win32.Build.0 = Release|Win32
		{D41B65B5-ACAA-4E07-9970-7E9A82A50799}.Release|x64.ActiveCfg = Release|x64
		{D41B65B5-ACAA-4E07-9970-7E9A82A50799}.Release|x64.Build.0 = Release|x64
		{00000067-0000-0000-0000-000000000000}.Debug|Win32.ActiveCfg = Debug|Win32
		{00000067-0000-0000-0000-000000000000}.Debug|Win32.Build.0 = Debug|Win32
		{00000067-0000-0000-0000-000000000000}.Debug|x64.ActiveCfg = Debug|x64
		{00000067-0000-0000-0000-000000000000}.Debug|x64.Build.0 = Debug|x64
		{00000067-0000-0000-0000-000000000000}.Release|Win32.ActiveCfg = Release|Win32
		{00000067-0000-0000-0000-000000000000}.Release|Win32.Build.0 = Release|Win32
		{00000067-0000-0000-0000-000000000000}.Release|x64.ActiveCfg = Release|x64
		{00000067-0000-0000-0000-000000000000}.Release|x64.Build.0 = Release|x64
		{00000001-0000-0000-0000-000000000000}.Debug|Win32.ActiveCfg = Debug|Win32
		{00000001-0000-0000-0000-000000000000}.Debug|Win32.Build.0 = Debug|Win32
		{00000001-0000-0000-0000-000000000000}.Debug|x64.ActiveCfg = Debug|x64
		{00000001-0000-0000-0000-000000000000}.Debug|x64.Build.0 = Debug|x64
		{00000001-0000-0000-0000-000000000000}.Release|Win32.ActiveCfg = Release|Win32
		{00000001-0000-0000-0000-000000000000}.Release|Win32.Build.0 = Release|Win32
		{00000001-0000-0000-0000-000000000000}.Release|x64.ActiveCfg = Release|x64
		{00000001-0000-0000-0000-000000000000}.Release|x64.Build.0 = Release|x64
		{00000005-0000-0000-0000-000000000000}.Debug|Win32.ActiveCfg = Debug|Win32
		{00000005-0000-0000-0000-000000000000}.Debug|Win32.Build.0 = Debug|Win32
		{00000005-0000-0000-0000-000000000000}.Debug|x64.ActiveCfg = Debug|x64
		{00000005-0000-0000-0000-000000000000}.Debug|x64.Build.0 = Debug|x64
		{00000005-0000-0000-0000-000000000000}.Release|Win32.ActiveCfg = Release|Win32
		{00000005-0000-0000-0000-000000000000}.Release|Win32.Build.0 = Release|Win32
		{00000005-0000-0000-0000-000000000000}.Release|x64.ActiveCfg = Release|x64
		{00000005-0000-0000-0000-000000000000}.Release|x64.Build.0 = Release|x64
		{00000007-0000-0000-0000-000000000000}.Debug|Win32.ActiveCfg = Debug|Win32
		{00000007-0000-0000-0000-000000000000}.Debug|Win32.Build.0 = Debug|Win32
		{00000007-0000-0000-0000-000000000000}.Debug|x64.ActiveCfg = Debug|x64
		{00000007-0000-0000-0000-000000000000}.Debug|x64.Build.0 = Debug|x64
		{00000007-0000-0000-0000-000000000000}.Release|Win32.ActiveCfg = Release|Win32
		{00000007-0000-0000-0000-000000000000}.Release|Win32.Build.0 = Release|Win32
		{00000007-0000-0000-0000-000000000000}.Release|x64.ActiveCfg = Release|x64
		{00000007-0000-0000-0000-000000000000}.Release|x64.Build.0 = Release|x64
		{000000FB-0000-0000-0000-000000000000}.Debug|Win32.ActiveCfg = Debug|Win32
		{000000FB-0000-0000-0000-000000000000}.Debug|Win32.Build.0 = Debug|Win32
		{000000FB-0000-0000-0000-000000000000}.Debug|x64.ActiveCfg = Debug|x64
		{000000FB-0000-0000-0000-000000000000}.Debug|x64.Build.0 = Debug|x64
		{000000FB-0000-0000-0000-000000000000}.Release|Win32.ActiveCfg = Release|Win32
		{000000FB-0000-0000-0000-000000000000}.Release|Win32.Build.0 = Release|Win32
		{000000FB-0000-0000-0000-000000000000}.Release|x64.ActiveCfg = Release|x64
		{000000FB-0000-0000-0000-000000000000}.Release|x64.Build.0 = Release|x64
		{000000E7-0000-0000-0000-000000000000}.Debug|Win32.ActiveCfg = Debug|Win32
		{000000E7-0000-0000-0000-000000000000}.Debug|Win32.Build.0 = Debug|Win32
		{000000E7-0000-0000-0000-000000000000}.Debug|x64.ActiveCfg = Debug|x64
		{000000E7-0000-0000-0000-000000000000}.Debug|x64.Build.0 = Debug|x64
		{000000E7-0000-0000-0000-000000000000}.Release|Win32.ActiveCfg = Release|Win32
		{000000E7-0000-0000-0000-000000000000}.Release|Win32.Build.0 = Release|Win32
		{000000E7-0000-0000-0000-000000000000}.Release|x64.ActiveCfg = Release|x64
		{000000E7-0000-0000-0000-000000000000}.Release|x64.Build.0 = Release|x64
		{00000D2A-0000-0000-0000-000000000000}.Debug|Win32.ActiveCfg = Debug|Win32
		{00000D2A-0000-0000-0000-000000000000}.Debug|Win32.Build.0 = Debug|Win32
		{00000D2A-0000-0000-0000-000000000000}.Debug|x64.ActiveCfg = Debug|x64
		{00000D2A-0000-0000-0000-000000000000}.Debug|x64.Build.0 = Debug|x64
		{00000D2A-0000-0000-0000-000000000000}.Release|Win32.ActiveCfg = Release|Win32
		{00000D2A-0000-0000-0000-000000000000}.Release|Win32.Build.0 = Release|Win32
		{00000D2A-0000-0000-0000-000000000000}.Release|x64.ActiveCfg = Release|x64
		{00000D2A-0000-0000-0000-000000000000}.Release|x64.Build.0 = Release|x64
		{00000093-0000-0000-0000-000000000000}.Debug|Win32.ActiveCfg = Debug|Win32
		{00000093-0000-0000-0000-000000000000}.Debug|Win32.Build.0 = Debug|Win32
		{00000093-0000-0000-0000-000000000000}.Debug|x64.ActiveCfg = Debug|x64
		{00000093-0000-0000-0000-000000000000}.Debug|x64.Build.0 = Debug|x64
		{00000093-0000-0000-0000-000000000000}.Release|Win32.ActiveCfg = Release|Win32
		{00000093-0000-0000-0000-000000000000}.Release|Win32.Build.0 = Release|Win32
		{00000093-0000-0000-0000-000000000000}.Release|x64.ActiveCfg = Release|x64
		{00000093-0000-0000-0000-000000000000}.Release|x64.Build.0 = Release|x64
		{00000410-0000-0000-0000-000000000000}.Debug|Win32.ActiveCfg = Debug|Win32
		{00000410-0000-0000-0000-000000000000}.Debug|Win32.Build.0 = Debug|Win32
		{00000410-0000-0000-0000-000000000000}.Debug|x64.ActiveCfg = Debug|x64
		{00000410-0000-0000-0000-000000000000}.Debug|x64.Build.0 = Debug|x64
		{00000410-0000-0000-0000-000000000000}.Release|Win32.ActiveCfg = Release|Win32
		{00000410-0000-0000-0000-000000000000}.Release|Win32.Build.0 = Release|Win32
		{00000410-0000-0000-0000-000000000000}.Release|x64.ActiveCfg = Release|x64
		{00000410-0000-0000-0000-000000000000}.Release|x64.Build.0 = Release|x64
		{0000001C-0000-0000-0000-000000000000}.Debug|Win32.ActiveCfg = Debug|Win32
		{0000001C-0000-0000-0000-000000000000}.Debug|Win32.Build.0 = Debug|Win32
		{0000001C-0000-0000-0000-000000000000}.Debug|x64.ActiveCfg = Debug|x64
		{0000001C-0000-0000-0000-000000000000}.Debug|x64.Build.0 = Debug|x64
		{0000001C-0000-0000-0000-000000000000}.Release|Win32.ActiveCfg = Release|Win32
		{0000001C-0000-0000-0000-000000000000}.Release|Win32.Build.0 = Release|Win32
		{0000001C-0000-0000-0000-000000000000}.Release|x64.ActiveCfg = Release|x64
		{0000001C-0000-0000-0000-000000000000}.Release|x64.Build.0 = Release|x64
		{31243B51-D332-4A82-8F2B-F843E9F97B47}.Debug|Win32.ActiveCfg = Debug|Win32
		{31243B51-D332-4A82-8F2B-F843E9F97B47}.Debug|Win32.Build.0 = Debug|Win32
		{31243B51-D332-4A82-8F2B-F843E9F97B47}.Debug|x64.ActiveCfg = Debug|x64
		{31243B51-D332-4A82-8F2B-F843E9F97B47}.Debug|x64.Build.0 = Debug|x64
		{31243B51-D332-4A82-8F2B-F843E9F97B47}.Release|Win32.ActiveCfg = Release|Win32
		{31243B51-D332-4A82-8F2B-F843E9F97B47}.Release|Win32.Build.0 = Release|Win32
		{31243B51-D332-4A82-8F2B-F843E9F97B47}.Release|x64.ActiveCfg = Release|x64
		{31243B51-D332-4A82-8F2B-F843E9F97B47}.Release|x64.Build.0 = Release|x64
		{00000021-0000-0000-0000-000000000000}.Debug|Win32.ActiveCfg = Debug|Win32
		{00000021-0000-0000-0000-000000000000}.Debug|Win32.Build.0 = Debug|Win32
		{00000021-0000-0000-0000-000000000000}.Debug|x64.ActiveCfg = Debug|x64
		{00000021-0000-0000-0000-000000000000}.Debug|x64.Build.0 = Debug|x64
		{00000021-0000-0000-0000-000000000000}.Release|Win32.ActiveCfg = Release|Win32
		{00000021-0000-0000-0000-000000000000}.Release|Win32.Build.0 = Release|Win32
		{00000021-0000-0000-0000-000000000000}.Release|x64.ActiveCfg = Release|x64
		{00000021-0000-0000-0000-000000000000}.Release|x64.Build.0 = Release|x64
		{00000011-0000-0000-0000-000000000000}.Debug|Win32.ActiveCfg = Debug|Win32
		{00000011-0000-0000-0000-000000000000}.Debug|Win32.Build.0 = Debug|Win32
		{00000011-0000-0000-0000-000000000000}.Debug|x64.ActiveCfg = Debug|x64
		{00000011-0000-0000-0000-000000000000}.Debug|x64.Build.0 = Debug|x64
		{00000011-0000-0000-0000-000000000000}.Release|Win32.ActiveCfg = Release|Win32
		{00000011-0000-0000-0000-000000000000}.Release|Win32.Build.0 = Release|Win32
		{00000011-0000-0000-0000-000000000000}.Release|x64.ActiveCfg = Release|x64
		{00000011-0000-0000-0000-000000000000}.Release|x64.Build.0 = Release|x64
		{B61C490C-C6F8-4689-A50F-3B1FCF5D7FCF}.Debug|Win32.ActiveCfg = Debug|Win32
		{B61C490C-C6F8-4689-A50F-3B1FCF5D7FCF}.Debug|Win32.Build.0 = Debug|Win32
		{B61C490C-C6F8-4689-A50F-3B1FCF5D7FCF}.Debug|x64.ActiveCfg = Debug|x64
		{B61C490C-C6F8-4689-A50F-3B1FCF5D7FCF}.Debug|x64.Build.0 = Debug|x64
		{B61C490C-C6F8-4689-A50F-3B1FCF5D7FCF}.Release|Win32.ActiveCfg = Release|Win32
		{B61C490C-C6F8-4689-A50F-3B1FCF5D7FCF}.Release|Win32.Build.0 = Release|Win32
		{B61C490C-C6F8-4689-A50F-3B1FCF5D7FCF}.Release|x64.ActiveCfg = Release|x64
		{B61C490C-C6F8-4689-A50F-3B1FCF5D7FCF}.Release|x64.Build.0 = Release|x64
		{000000E5-0000-0000-0000-000000000000}.Debug|Win32.ActiveCfg = Debug|Win32
		{000000E5-0000-0000-0000-000000000000}.Debug|Win32.Build.0 = Debug|Win32
		{000000E5-0000-0000-0000-000000000000}.Debug|x64.ActiveCfg = Debug|x64
		{000000E5-0000-0000-0000-000000000000}.Debug|x64.Build.0 = Debug|x64
		{000000E5-0000-0000-0000-000000000000}.Release|Win32.ActiveCfg = Release|Win32
		{000000E5-0000-0000-0000-000000000000}.Release|Win32.Build.0 = Release|Win32
		{000000E5-0000-0000-0000-000000000000}.Release|x64.ActiveCfg = Release|x64
		{000000E5-0000-0000-0000-000000000000}.Release|x64.Build.0 = Release|x64
		{00000333-0000-0000-0000-000000000000}.Debug|Win32.ActiveCfg = Debug|Win32
		{00000333-0000-0000-0000-000000000000}.Debug|Win32.Build.0 = Debug|Win32
		{00000333-0000-0000-0000-000000000000}.Debug|x64.ActiveCfg = Debug|x64
		{00000333-0000-0000-0000-000000000000}.Debug|x64.Build.0 = Debug|x64
		{00000333-0000-0000-0000-000000000000}.Release|Win32.ActiveCfg = Release|Win32
		{00000333-0000-0000-0000-000000000000}.Release|Win32.Build.0 = Release|Win32
		{00000333-0000-0000-0000-000000000000}.Release|x64.ActiveCfg = Release|x64
		{00000333-0000-0000-0000-000000000000}.Release|x64.Build.0 = Release|x64
		{0000000C-0000-0000-0000-000000000000}.Debug|Win32.ActiveCfg = Debug|Win32
		{0000000C-0000-0000-0000-000000000000}.Debug|Win32.Build.0 = Debug|Win32
		{0000000C-0000-0000-0000-000000000000}.Debug|x64.ActiveCfg = Debug|x64
		{0000000C-0000-0000-0000-000000000000}.Debug|x64.Build.0 = Debug|x64
		{0000000C-0000-0000-0000-000000000000}.Release|Win32.ActiveCfg = Release|Win32
		{0000000C-0000-0000-0000-000000000000}.Release|Win32.Build.0 = Release|Win32
		{0000000C-0000-0000-0000-000000000000}.Release|x64.ActiveCfg = Release|x64
		{0000000C-0000-0000-0000-000000000000}.Release|x64.Build.0 = Release|x64
		{0000009F-0000-0000-0000-000000000000}.Debug|Win32.ActiveCfg = Debug|Win32
		{0000009F-0000-0000-0000-000000000000}.Debug|Win32.Build.0 = Debug|Win32
		{0000009F-0000-0000-0000-000000000000}.Debug|x64.ActiveCfg = Debug|x64
		{0000009F-0000-0000-0000-000000000000}.Debug|x64.Build.0 = Debug|x64
		{0000009F-0000-0000-0000-000000000000}.Release|Win32.ActiveCfg = Release|Win32
		{0000009F-0000-0000-0000-000000000000}.Release|Win32.Build.0 = Release|Win32
		{0000009F-0000-0000-0000-000000000000}.Release|x64.ActiveCfg = Release|x64
		{0000009F-0000-0000-0000-000000000000}.Release|x64.Build.0 = Release|x64
		{0000121C-0000-0000-0000-000000000000}.Debug|Win32.ActiveCfg = Debug|Win32
		{0000121C-0000-0000-0000-000000000000}.Debug|Win32.Build.0 = Debug|Win32
		{0000121C-0000-0000-0000-000000000000}.Debug|x64.ActiveCfg = Debug|x64
		{0000121C-0000-0000-0000-000000000000}.Debug|x64.Build.0 = Debug|x64
		{0000121C-0000-0000-0000-000000000000}.Release|Win32.ActiveCfg = Release|Win32
		{0000121C-0000-0000-0000-000000000000}.Release|Win32.Build.0 = Release|Win32
		{0000121C-0000-0000-0000-000000000000}.Release|x64.ActiveCfg = Release|x64
		{0000121C-0000-0000-0000-000000000000}.Release|x64.Build.0 = Release|x64
		{85194D20-B1E7-4CEA-9235-3AE9B7999CBA}.Debug|Win32.ActiveCfg = Debug|Win32
		{85194D20-B1E7-4CEA-9235-3AE9B7999CBA}.Debug|Win32.Build.0 = Debug|Win32
		{85194D20-B1E7-4CEA-9235-3AE9B7999CBA}.Debug|x64.ActiveCfg = Debug|x64
		{85194D20-B1E7-4CEA-9235-3AE9B7999CBA}.Debug|x64.Build.0 = Debug|x64
		{85194D20-B1E7-4CEA-9235-3AE9B7999CBA}.Release|Win32.ActiveCfg = Release|Win32
		{85194D20-B1E7-4CEA-9235-3AE9B7999CBA}.Release|Win32.Build.0 = Release|Win32
		{85194D20-B1E7-4CEA-9235-3AE9B7999CBA}.Release|x64.ActiveCfg = Release|x64
		{85194D20-B1E7-4CEA-9235-3AE9B7999CBA}.Release|x64.Build.0 = Release|x64
		{BB9DEDEE-5CEB-4E8E-8EA2-88B2A1C2B9B2}.Debug|Win32.ActiveCfg = Debug|Win32
		{BB9DEDEE-5CEB-4E8E-8EA2-88B2A1C2B9B2}.Debug|Win32.Build.0 = Debug|Win32
		{BB9DEDEE-5CEB-4E8E-8EA2-88B2A1C2B9B2}.Debug|x64.ActiveCfg = Debug|x64
		{BB9DEDEE-5CEB-4E8E-8EA2-88B2A1C2B9B2}.Debug|x64.Build.0 = Debug|x64
		{BB9DEDEE-5CEB-4E8E-8EA2-88B2A1C2B9B2}.Release|Win32.ActiveCfg = Release|Win32
		{BB9DEDEE-5CEB-4E8E-8EA2-88B2A1C2B9B2}.Release|Win32.Build.0 = Release|Win32
		{BB9DEDEE-5CEB-4E8E-8EA2-88B2A1C2B9B2}.Release|x64.ActiveCfg = Release|x64
		{BB9DEDEE-5CEB-4E8E-8EA2-88B2A1C2B9B2}.Release|x64.Build.0 = Release|x64
		{20C23088-DBAB-4555-AAA6-F8A50002670A}.Debug|Win32.ActiveCfg = Debug|Win32
		{20C23088-DBAB-4555-AAA6-F8A50002670A}.Debug|Win32.Build.0 = Debug|Win32
		{20C23088-DBAB-4555-AAA6-F8A50002670A}.Debug|x64.ActiveCfg = Debug|x64
		{20C23088-DBAB-4555-AAA6-F8A50002670A}.Debug|x64.Build.0 = Debug|x64
		{20C23088-DBAB-4555-AAA6-F8A50002670A}.Release|Win32.ActiveCfg = Release|Win32
		{20C23088-DBAB-4555-AAA6-F8A50002670A}.Release|Win32.Build.0 = Release|Win32
		{20C23088-DBAB-4555-AAA6-F8A50002670A}.Release|x64.ActiveCfg = Release|x64
		{20C23088-DBAB-4555-AAA6-F8A50002670A}.Release|x64.Build.0 = Release|x64
		{B0811E32-ABDE-480F-AFBF-5A8D381FCAD4}.Debug|Win32.ActiveCfg = Debug|Win32
		{B0811E32-ABDE-480F-AFBF-5A8D381FCAD4}.Debug|Win32.Build.0 = Debug|Win32
		{B0811E32-ABDE-480F-AFBF-5A8D381FCAD4}.Debug|x64.ActiveCfg = Debug|x64
		{B0811E32-ABDE-480F-AFBF-5A8D381FCAD4}.Debug|x64.Build.0 = Debug|x64
		{B0811E32-ABDE-480F-AFBF-5A8D381FCAD4}.Release|Win32.ActiveCfg = Release|Win32
		{B0811E32-ABDE-480F-AFBF-5A8D381FCAD4}.Release|Win32.Build.0 = Release|Win32
		{B0811E32-ABDE-480F-AFBF-5A8D381FCAD4}.Release|x64.ActiveCfg = Release|x64
		{B0811E32-ABDE-480F-AFBF-5A8D381FCAD4}.Release|x64.Build.0 = Release|x64
		{F253F2EB-F39E-438B-BB0A-644D0193E58F}.Debug|Win32.ActiveCfg = Debug|Win32
		{F253F2EB-F39E-438B-BB0A-644D0193E58F}.Debug|Win32.Build.0 = Debug|Win32
		{F253F2EB-F39E-438B-BB0A-644D0193E58F}.Debug|x64.ActiveCfg = Debug|x64
		{F253F2EB-F39E-438B-BB0A-644D0193E58F}.Debug|x64.Build.0 = Debug|x64
		{F253F2EB-F39E-438B-BB0A-644D0193E58F}.Release|Win32.ActiveCfg = Release|Win32
		{F253F2EB-F39E-438B-BB0A-644D0193E58F}.Release|Win32.Build.0 = Release|Win32
		{F253F2EB-F39E-438B-BB0A-644D0193E58F}.Release|x64.ActiveCfg = Release|x64
		{F253F2EB-F39E-438B-BB0A-644D0193E58F}.Release|x64.Build.0 = Release|x64
		{1A774860-192F-40EA-A0C8-5609A371929F}.Debug|Win32.ActiveCfg = Debug|Win32
		{1A774860-192F-40EA-A0C8-5609A371929F}.Debug|Win32.Build.0 = Debug|Win32
		{1A774860-192F-40EA-A0C8-5609A371929F}.Debug|x64.ActiveCfg = Debug|x64
		{1A774860-192F-40EA-A0C8-5609A371929F}.Debug|x64.Build.0 = Debug|x64
		{1A774860-192F-40EA-A0C8-5609A371929F}.Release|Win32.ActiveCfg = Release|Win32
		{1A774860-192F-40EA-A0C8-5609A371929F}.Release|Win32.Build.0 = Release|Win32
		{1A774860-192F-40EA-A0C8-5609A371929F}.Release|x64.ActiveCfg = Release|x64
		{1A774860-192F-40EA-A0C8-5609A371929F}.Release|x64.Build.0 = Release|x64
		{9629CC33-4352-4780-89CD-31DA91FD3CF8}.Debug|Win32.ActiveCfg = Debug|Win32
		{9629CC33-4352-4780-89CD-31DA91FD3CF8}.Debug|Win32.Build.0 = Debug|Win32
		{9629CC33-4352-4780-89CD-31DA91FD3CF8}.Debug|x64.ActiveCfg = Debug|x64
		{9629CC33-4352-4780-89CD-31DA91FD3CF8}.Debug|x64.Build.0 = Debug|x64
		{9629CC33-4352-4780-89CD-31DA91FD3CF8}.Release|Win32.ActiveCfg = Release|Win32
		{9629CC33-4352-4780-89CD-31DA91FD3CF8}.Release|Win32.Build.0 = Release|Win32
		{9629CC33-4352-4780-89CD-31DA91FD3CF8}.Release|x64.ActiveCfg = Release|x64
		{9629CC33-4352-4780-89CD-31DA91FD3CF8}.Release|x64.Build.0 = Release|x64
		{16D05C7A-9E5D-4B65-A51A-1F5087EDF3D8}.Debug|Win32.ActiveCfg = Debug|Win32
		{16D05C7A-9E5D-4B65-A51A-1F5087EDF3D8}.Debug|Win32.Build.0 = Debug|Win32
		{16D05C7A-9E5D-4B65-A51A-1F5087EDF3D8}.Debug|x64.ActiveCfg = Debug|x64
		{16D05C7A-9E5D-4B65-A51A-1F5087EDF3D8}.Debug|x64.Build.0 = Debug|x64
		{16D05C7A-9E5D-4B65-A51A-1F5087EDF3D8}.Release|Win32.ActiveCfg = Release|Win32
		{16D05C7A-9E5D-4B65-A51A-1F5087EDF3D8}.Release|Win32.Build.0 = Release|Win32
		{16D05C7A-9E5D-4B65-A51A-1F5087EDF3D8}.Release|x64.ActiveCfg = Release|x64
		{16D05C7A-9E5D-4B65-A51A-1F5087EDF3D8}.Release|x64.Build.0 = Release|x64
		{89C771E2-A0F6-47D6-BD72-998A19C3033F}.Debug|Win32.ActiveCfg = Debug|Win32
		{89C771E2-A0F6-47D6-BD72-998A19C3033F}.Debug|Win32.Build.0 = Debug|Win32
		{89C771E2-A0F6-47D6-BD72-998A19C3033F}.Debug|x64.ActiveCfg = Debug|x64
		{89C771E2-A0F6-47D6-BD72-998A19C3033F}.Debug|x64.Build.0 = Debug|x64
		{89C771E2-A0F6-47D6-BD72-998A19C3033F}.Release|Win32.ActiveCfg = Release|Win32
		{89C771E2-A0F6-47D6-BD72-998A19C3033F}.Release|Win32.Build.0 = Release|Win32
		{89C771E2-A0F6-47D6-BD72-998A19C3033F}.Release|x64.ActiveCfg = Release|x64
		{89C771E2-A0F6-47D6-BD72-998A19C3033F}.Release|x64.Build.0 = Release|x64
		{5203842B-234F-423A-AC8A-1C5B2FC71AA8}.Debug|Win32.ActiveCfg = Debug|Win32
		{5203842B-234F-423A-AC8A-1C5B2FC71AA8}.Debug|Win32.Build.0 = Debug|Win32
		{5203842B-234F-423A-AC8A-1C5B2FC71AA8}.Debug|x64.ActiveCfg = Debug|x64
		{5203842B-234F-423A-AC8A-1C5B2FC71AA8}.Debug|x64.Build.0 = Debug|x64
		{5203842B-234F-423A-AC8A-1C5B2FC71AA8}.Release|Win32.ActiveCfg = Release|Win32
		{5203842B-234F-423A-AC8A-1C5B2FC71AA8}.Release|Win32.Build.0 = Release|Win32
		{5203842B-234F-423A-AC8A-1C5B2FC71AA8}.Release|x64.ActiveCfg = Release|x64
		{5203842B-234F-423A-AC8A-1C5B2FC71AA8}.Release|x64.Build.0 = Release|x64
		{626D824C-3E8C-498E-AE54-8E705B0AFACE}.Debug|Win32.ActiveCfg = Debug|Win32
		{626D824C-3E8C-498E-AE54-8E705B0AFACE}.Debug|Win32.Build.0 = Debug|Win32
		{626D824C-3E8C-498E-AE54-8E705B0AFACE}.Debug|x64.ActiveCfg = Debug|x64
		{626D824C-3E8C-498E-AE54-8E705B0AFACE}.Debug|x64.Build.0 = Debug|x64
		{626D824C-3E8C-498E-AE54-8E705B0AFACE}.Release|Win32.ActiveCfg = Release|Win32
		{626D824C-3E8C-498E-AE54-8E705B0AFACE}.Release|Win32.Build.0 = Release|Win32
		{626D824C-3E8C-498E-AE54-8E705B0AFACE}.Release|x64.ActiveCfg = Release|x64
		{626D824C-3E8C-498E-AE54-8E705B0AFACE}.Release|x64.Build.0 = Release|x64
		{F2CD1CC1-3B98-4652-88C5-2738EF0B6DCD}.Debug|Win32.ActiveCfg = Debug|Win32
		{F2CD1CC1-3B98-4652-88C5-2738EF0B6DCD}.Debug|Win32.Build.0 = Debug|Win32
		{F2CD1CC1-3B98-4652-88C5-2738EF0B6DCD}.Debug|x64.ActiveCfg = Debug|x64
		{F2CD1CC1-3B98-4652-88C5-2738EF0B6DCD}.Debug|x64.Build.0 = Debug|x64
		{F2CD1CC1-3B98-4652-88C5-2738EF0B6DCD}.Release|Win32.ActiveCfg = Release|Win32
		{F2CD1CC1-3B98-4652-88C5-2738EF0B6DCD}.Release|Win32.Build.0 = Release|Win32
		{F2CD1CC1-3B98-4652-88C5-2738EF0B6DCD}.Release|x64.ActiveCfg = Release|x64
		{F2CD1CC1-3B98-4652-88C5-2738EF0B6DCD}.Release|x64.Build.0 = Release|x64
		{FED504E8-E090-4D78-887B-C87182129A6D}.Debug|Win32.ActiveCfg = Debug|Win32
		{FED504E8-E090-4D78-887B-C87182129A6D}.Debug|Win32.Build.0 = Debug|Win32
		{FED504E8-E090-4D78-887B-C87182129A6D}.Debug|x64.ActiveCfg = Debug|x64
		{FED504E8-E090-4D78-887B-C87182129A6D}.Debug|x64.Build.0 = Debug|x64
		{FED504E8-E090-4D78-887B-C87182129A6D}.Release|Win32.ActiveCfg = Release|Win32
		{FED504E8-E090-4D78-887B-C87182129A6D}.Release|Win32.Build.0 = Release|Win32
		{FED504E8-E090-4D78-887B-C87182129A6D}.Release|x64.ActiveCfg = Release|x64
		{FED504E8-E090-4D78-887B-C87182129A6D}.Release|x64.Build.0 = Release|x64
		{235010C1-38C6-4532-90E1-648CFA5AE655}.Debug|Win32.ActiveCfg = Debug|Win32
		{235010C1-38C6-4532-90E1-648CFA5AE655}.Debug|Win32.Build.0 = Debug|Win32
		{235010C1-38C6-4532-90E1-648CFA5AE655}.Debug|x64.ActiveCfg = Debug|x64
		{235010C1-38C6-4532-90E1-648CFA5AE655}.Debug|x64.Build.0 = Debug|x64
		{235010C1-38C6-4532-90E1-648CFA5AE655}.Release|Win32.ActiveCfg = Release|Win32
		{235010C1-38C6-4532-90E1-648CFA5AE655}.Release|Win32.Build.0 = Release|Win32
		{235010C1-38C6-4532-90E1-648CFA5AE655}.Release|x64.ActiveCfg = Release|x64
		{235010C1-38C6-4532-90E1-648CFA5AE655}.Release|x64.Build.0 = Release|x64
		{992471A5-4479-49BE-8ED2-654B4496F76E}.Debug|Win32.ActiveCfg = Debug|Win32
		{992471A5-4479-49BE-8ED2-654B4496F76E}.Debug|Win32.Build.0 = Debug|Win32
		{992471A5-4479-49BE-8ED2-654B4496F76E}.Debug|x64.ActiveCfg = Debug|x64
		{992471A5-4479-49BE-8ED2-654B4496F76E}.Debug|x64.Build.0 = Debug|x64
		{992471A5-4479-49BE-8ED2-654B4496F76E}.Release|Win32.ActiveCfg = Release|Win32
		{992471A5-4479-49BE-8ED2-654B4496F76E}.Release|Win32.Build.0 = Release|Win32
		{992471A5-4479-49BE-8ED2-654B4496F76E}.Release|x64.ActiveCfg = Release|x64
		{992471A5-4479-49BE-8ED2-654B4496F76E}.Release|x64.Build.0 = Release|x64
		{53A38B32-6756-4155-AB8E-40B03DAA8467}.Debug|Win32.ActiveCfg = Debug|Win32
		{53A38B32-6756-4155-AB8E-40B03DAA8467}.Debug|Win32.Build.0 = Debug|Win32
		{53A38B32-6756-4155-AB8E-40B03DAA8467}.Debug|x64.ActiveCfg = Debug|x64
		{53A38B32-6756-4155-AB8E-40B03DAA8467}.Debug|x64.Build.0 = Debug|x64
		{53A38B32-6756-4155-AB8E-40B03DAA8467}.Release|Win32.ActiveCfg = Release|Win32
		{53A38B32-6756-4155-AB8E-40B03DAA8467}.Release|Win32.Build.0 = Release|Win32
		{53A38B32-6756-4155-AB8E-40B03DAA8467}.Release|x64.ActiveCfg = Release|x64
		{53A38B32-6756-4155-AB8E-40B03DAA8467}.Release|x64.Build.0 = Release|x64
		{57533529-7DC7-45C1-A84C-DBE58AAF66A2}.Debug|Win32.ActiveCfg = Debug|Win32
		{57533529-7DC7-45C1-A84C-DBE58AAF66A2}.Debug|Win32.Build.0 = Debug|Win32
		{57533529-7DC7-45C1-A84C-DBE58AAF66A2}.Debug|x64.ActiveCfg = Debug|x64
		{57533529-7DC7-45C1-A84C-DBE58AAF66A2}.Debug|x64.Build.0 = Debug|x64
		{57533529-7DC7-45C1-A84C-DBE58AAF66A2}.Release|Win32.ActiveCfg = Release|Win32
		{57533529-7DC7-45C1-A84C-DBE58AAF66A2}.Release|Win32.Build.0 = Release|Win32
		{57533529-7DC7-45C1-A84C-DBE58AAF66A2}.Release|x64.ActiveCfg = Release|x64
		{57533529-7DC7-45C1-A84C-DBE58AAF66A2}.Release|x64.Build.0 = Release|x64
		{DA98BE1E-2542-42A0-9B99-623CCD00B23F}.Debug|Win32.ActiveCfg = Debug|Win32
		{DA98BE1E-2542-42A0-9B99-623CCD00B23F}.Debug|Win32.Build.0 = Debug|Win32
		{DA98BE1E-2542-42A0-9B99-623CCD00B23F}.Debug|x64.ActiveCfg = Debug|x64
		{DA98BE1E-2542-42A0-9B99-623CCD00B23F}.Debug|x64.Build.0 = Debug|x64
		{DA98BE1E-2542-42A0-9B99-623CCD00B23F}.Release|Win32.ActiveCfg = Release|Win32
		{DA98BE1E-2542-42A0-9B99-623CCD00B23F}.Release|Win32.Build.0 = Release|Win32
		{DA98BE1E-2542-42A0-9B99-623CCD00B23F}.Release|x64.ActiveCfg = Release|x64
		{DA98BE1E-2542-42A0-9B99-623CCD00B23F}.Release|x64.Build.0 = Release|x64
		{C0794D0C-90C1-4B01-B3B0-C012D089AABB}.Debug|Win32.ActiveCfg = Debug|Win32
		{C0794D0C-90C1-4B01-B3B0-C012D089AABB}.Debug|Win32.Build.0 = Debug|Win32
		{C0794D0C-90C1-4B01-B3B0-C012D089AABB}.Debug|x64.ActiveCfg = Debug|x64
		{C0794D0C-90C1-4B01-B3B0-C012D089AABB}.Debug|x64.Build.0 = Debug|x64
		{C0794D0C-90C1-4B01-B3B0-C012D089AABB}.Release|Win32.ActiveCfg = Release|Win32
		{C0794D0C-90C1-4B01-B3B0-C012D089AABB}.Release|Win32.Build.0 = Release|Win32
		{C0794D0C-90C1-4B01-B3B0-C012D089AABB}.Release|x64.ActiveCfg = Release|x64
		{C0794D0C-90C1-4B01-B3B0-C012D089AABB}.Release|x64.Build.0 = Release|x64
		{F384EB91-014A-41A4-A389-57A0A33FA10D}.Debug|Win32.ActiveCfg = Debug|Win32
		{F384EB91-014A-41A4-A389-57A0A33FA10D}.Debug|Win32.Build.0 = Debug|Win32
		{F384EB91-014A-41A4-A389-57A0A33FA10D}.Debug|x64.ActiveCfg = Debug|x64
		{F384EB91-014A-41A4-A389-57A0A33FA10D}.Debug|x64.Build.0 = Debug|x64
		{F384EB91-014A-41A4-A389-57A0A33FA10D}.Release|Win32.ActiveCfg = Release|Win32
		{F384EB91-014A-41A4-A389-57A0A33FA10D}.Release|Win32.Build.0 = Release|Win32
		{F384EB91-014A-41A4-A389-57A0A33FA10D}.Release|x64.ActiveCfg = Release|x64
		{F384EB91-014A-41A4-A389-57A0A33FA10D}.Release|x64.Build.0 = Release|x64
		{BA64CB10-C6C3-4CF9-B04F-6466B8C818D6}.Debug|Win32.ActiveCfg = Debug|Win32
		{BA64CB10-C6C3-4CF9-B04F-6466B8C818D6}.Debug|Win32.Build.0 = Debug|Win32
		{BA64CB10-C6C3-4CF9-B04F-6466B8C818D6}.Debug|x64.ActiveCfg = Debug|x64
		{BA64CB10-C6C3-4CF9-B04F-6466B8C818D6}.Debug|x64.Build.0 = Debug|x64
		{BA64CB10-C6C3-4CF9-B04F-6466B8C818D6}.Release|Win32.ActiveCfg = Release|Win32
		{BA64CB10-C6C3-4CF9-B04F-6466B8C818D6}.Release|Win32.Build.0 = Release|Win32
		{BA64CB10-C6C3-4CF9-B04F-6466B8C818D6}.Release|x64.ActiveCfg = Release|x64
		{BA64CB10-C6C3-4CF9-B04F-6466B8C818D6}.Release|x64.Build.0 = Release|x64
	EndGlobalSection
	GlobalSection(SolutionProperties) = preSolution
		HideSolutionNode = FALSE
	EndGlobalSection
	GlobalSection(NestedProjects) = preSolution
		{00000070-0000-0000-0000-000000000000} = {E01887AA-380F-4002-AEDD-8083D1243149}
		{00000018-0000-0000-0000-000000000000} = {E01887AA-380F-4002-AEDD-8083D1243149}
		{00006989-0000-0000-0000-000000000000} = {E01887AA-380F-4002-AEDD-8083D1243149}
		{009A4DC0-0000-0000-0000-000000000000} = {E01887AA-380F-4002-AEDD-8083D1243149}
		{00000087-0000-0000-0000-000000000000} = {E29C0D67-B421-41AF-A305-7168BC122A05}
		{0000000D-0000-0000-0000-000000000000} = {E29C0D67-B421-41AF-A305-7168BC122A05}
		{0000000F-0000-0000-0000-000000000000} = {E29C0D67-B421-41AF-A305-7168BC122A05}
		{00000002-0000-0000-0000-000000000000} = {E29C0D67-B421-41AF-A305-7168BC122A05}
		{00000EE2-0000-0000-0000-000000000000} = {E29C0D67-B421-41AF-A305-7168BC122A05}
		{000000D4-0000-0000-0000-000000000000} = {E29C0D67-B421-41AF-A305-7168BC122A05}
		{6F673FCA-6771-47AF-8275-2FF611B58FBB} = {E29C0D67-B421-41AF-A305-7168BC122A05}
		{00FB5088-0000-0000-0000-000000000000} = {E29C0D67-B421-41AF-A305-7168BC122A05}
		{00000477-0000-0000-0000-000000000000} = {E29C0D67-B421-41AF-A305-7168BC122A05}
		{0000008E-0000-0000-0000-000000000000} = {E29C0D67-B421-41AF-A305-7168BC122A05}
		{00A9403F-0000-0000-0000-000000000000} = {E29C0D67-B421-41AF-A305-7168BC122A05}
		{00000085-0000-0000-0000-000000000000} = {E29C0D67-B421-41AF-A305-7168BC122A05}
		{000000E1-0000-0000-0000-000000000000} = {E29C0D67-B421-41AF-A305-7168BC122A05}
		{00000003-0000-0000-0000-000000000000} = {E29C0D67-B421-41AF-A305-7168BC122A05}
		{00000008-0000-0000-0000-000000000000} = {E29C0D67-B421-41AF-A305-7168BC122A05}
		{00000319-0000-0000-0000-000000000000} = {E29C0D67-B421-41AF-A305-7168BC122A05}
		{0000002C-0000-0000-0000-000000000000} = {E29C0D67-B421-41AF-A305-7168BC122A05}
		{0000018C-0000-0000-0000-000000000000} = {E29C0D67-B421-41AF-A305-7168BC122A05}
		{000000DA-0000-0000-0000-000000000000} = {E29C0D67-B421-41AF-A305-7168BC122A05}
		{00000004-0000-0000-0000-000000000000} = {E29C0D67-B421-41AF-A305-7168BC122A05}
		{00000BA1-0000-0000-0000-000000000000} = {E29C0D67-B421-41AF-A305-7168BC122A05}
		{000000EC-0000-0000-0000-000000000000} = {E29C0D67-B421-41AF-A305-7168BC122A05}
		{00000F0C-0000-0000-0000-000000000000} = {E29C0D67-B421-41AF-A305-7168BC122A05}
		{0008F12A-0000-0000-0000-000000000000} = {E29C0D67-B421-41AF-A305-7168BC122A05}
		{DB164DD4-3A89-437A-BD08-A660DC0E1020} = {E29C0D67-B421-41AF-A305-7168BC122A05}
		{00000009-0000-0000-0000-000000000000} = {E29C0D67-B421-41AF-A305-7168BC122A05}
		{000EE39D-0000-0000-0000-000000000000} = {E29C0D67-B421-41AF-A305-7168BC122A05}
		{0000005C-0000-0000-0000-000000000000} = {E29C0D67-B421-41AF-A305-7168BC122A05}
		{0000FEE8-0000-0000-0000-000000000000} = {E29C0D67-B421-41AF-A305-7168BC122A05}
		{00000B75-0000-0000-0000-000000000000} = {E29C0D67-B421-41AF-A305-7168BC122A05}
		{0000006F-0000-0000-0000-000000000000} = {E29C0D67-B421-41AF-A305-7168BC122A05}
		{0000DBBA-0000-0000-0000-000000000000} = {E29C0D67-B421-41AF-A305-7168BC122A05}
		{1B7C6302-DA78-420B-BFA4-EC785D223E29} = {E29C0D67-B421-41AF-A305-7168BC122A05}
		{D41B65B5-ACAA-4E07-9970-7E9A82A50799} = {E29C0D67-B421-41AF-A305-7168BC122A05}
		{00000067-0000-0000-0000-000000000000} = {E29C0D67-B421-41AF-A305-7168BC122A05}
		{00000001-0000-0000-0000-000000000000} = {E29C0D67-B421-41AF-A305-7168BC122A05}
		{00000005-0000-0000-0000-000000000000} = {E29C0D67-B421-41AF-A305-7168BC122A05}
		{00000007-0000-0000-0000-000000000000} = {E29C0D67-B421-41AF-A305-7168BC122A05}
		{000000FB-0000-0000-0000-000000000000} = {E29C0D67-B421-41AF-A305-7168BC122A05}
		{000000E7-0000-0000-0000-000000000000} = {E29C0D67-B421-41AF-A305-7168BC122A05}
		{00000D2A-0000-0000-0000-000000000000} = {E29C0D67-B421-41AF-A305-7168BC122A05}
		{00000093-0000-0000-0000-000000000000} = {E29C0D67-B421-41AF-A305-7168BC122A05}
		{00000410-0000-0000-0000-000000000000} = {E29C0D67-B421-41AF-A305-7168BC122A05}
		{0000001C-0000-0000-0000-000000000000} = {E29C0D67-B421-41AF-A305-7168BC122A05}
		{31243B51-D332-4A82-8F2B-F843E9F97B47} = {E29C0D67-B421-41AF-A305-7168BC122A05}
		{00000021-0000-0000-0000-000000000000} = {E29C0D67-B421-41AF-A305-7168BC122A05}
		{00000011-0000-0000-0000-000000000000} = {E29C0D67-B421-41AF-A305-7168BC122A05}
		{B61C490C-C6F8-4689-A50F-3B1FCF5D7FCF} = {E29C0D67-B421-41AF-A305-7168BC122A05}
		{000000E5-0000-0000-0000-000000000000} = {E29C0D67-B421-41AF-A305-7168BC122A05}
		{00000333-0000-0000-0000-000000000000} = {E29C0D67-B421-41AF-A305-7168BC122A05}
		{0000000C-0000-0000-0000-000000000000} = {E29C0D67-B421-41AF-A305-7168BC122A05}
		{0000009F-0000-0000-0000-000000000000} = {E29C0D67-B421-41AF-A305-7168BC122A05}
		{0000121C-0000-0000-0000-000000000000} = {E29C0D67-B421-41AF-A305-7168BC122A05}
		{85194D20-B1E7-4CEA-9235-3AE9B7999CBA} = {E29C0D67-B421-41AF-A305-7168BC122A05}
		{BB9DEDEE-5CEB-4E8E-8EA2-88B2A1C2B9B2} = {E29C0D67-B421-41AF-A305-7168BC122A05}
		{20C23088-DBAB-4555-AAA6-F8A50002670A} = {E29C0D67-B421-41AF-A305-7168BC122A05}
		{B0811E32-ABDE-480F-AFBF-5A8D381FCAD4} = {E29C0D67-B421-41AF-A305-7168BC122A05}
		{F253F2EB-F39E-438B-BB0A-644D0193E58F} = {E29C0D67-B421-41AF-A305-7168BC122A05}
		{1A774860-192F-40EA-A0C8-5609A371929F} = {E29C0D67-B421-41AF-A305-7168BC122A05}
		{9629CC33-4352-4780-89CD-31DA91FD3CF8} = {E29C0D67-B421-41AF-A305-7168BC122A05}
		{16D05C7A-9E5D-4B65-A51A-1F5087EDF3D8} = {E29C0D67-B421-41AF-A305-7168BC122A05}
		{89C771E2-A0F6-47D6-BD72-998A19C3033F} = {E29C0D67-B421-41AF-A305-7168BC122A05}
		{5203842B-234F-423A-AC8A-1C5B2FC71AA8} = {E29C0D67-B421-41AF-A305-7168BC122A05}
		{626D824C-3E8C-498E-AE54-8E705B0AFACE} = {E29C0D67-B421-41AF-A305-7168BC122A05}
		{F2CD1CC1-3B98-4652-88C5-2738EF0B6DCD} = {E29C0D67-B421-41AF-A305-7168BC122A05}
		{FED504E8-E090-4D78-887B-C87182129A6D} = {E29C0D67-B421-41AF-A305-7168BC122A05}
		{235010C1-38C6-4532-90E1-648CFA5AE655} = {E29C0D67-B421-41AF-A305-7168BC122A05}
		{992471A5-4479-49BE-8ED2-654B4496F76E} = {E29C0D67-B421-41AF-A305-7168BC122A05}
		{53A38B32-6756-4155-AB8E-40B03DAA8467} = {E29C0D67-B421-41AF-A305-7168BC122A05}
		{57533529-7DC7-45C1-A84C-DBE58AAF66A2} = {E29C0D67-B421-41AF-A305-7168BC122A05}
		{DA98BE1E-2542-42A0-9B99-623CCD00B23F} = {E29C0D67-B421-41AF-A305-7168BC122A05}
		{C0794D0C-90C1-4B01-B3B0-C012D089AABB} = {E29C0D67-B421-41AF-A305-7168BC122A05}
		{F384EB91-014A-41A4-A389-57A0A33FA10D} = {E29C0D67-B421-41AF-A305-7168BC122A05}
		{BA64CB10-C6C3-4CF9-B04F-6466B8C818D6} = {E29C0D67-B421-41AF-A305-7168BC122A05}
		{0000006C-0000-0000-0000-000000000000} = {45780875-4614-419B-94F8-A14F8184BB48}
		{000009D7-0000-0000-0000-000000000000} = {45780875-4614-419B-94F8-A14F8184BB48}
		{0000082D-0000-0000-0000-000000000000} = {45780875-4614-419B-94F8-A14F8184BB48}
		{000006FB-0000-0000-0000-000000000000} = {45780875-4614-419B-94F8-A14F8184BB48}
		{00000058-0000-0000-0000-000000000000} = {45780875-4614-419B-94F8-A14F8184BB48}
		{0000005D-0000-0000-0000-000000000000} = {45780875-4614-419B-94F8-A14F8184BB48}
		{0000002E-0000-0000-0000-000000000000} = {45780875-4614-419B-94F8-A14F8184BB48}
		{0000000A-0000-0000-0000-000000000000} = {45780875-4614-419B-94F8-A14F8184BB48}
		{00009E51-0000-0000-0000-000000000000} = {45780875-4614-419B-94F8-A14F8184BB48}
		{0000000B-0000-0000-0000-000000000000} = {45780875-4614-419B-94F8-A14F8184BB48}
		{000000FD-0000-0000-0000-000000000000} = {45780875-4614-419B-94F8-A14F8184BB48}
		{00000047-0000-0000-0000-000000000000} = {45780875-4614-419B-94F8-A14F8184BB48}
		{000000A3-0000-0000-0000-000000000000} = {45780875-4614-419B-94F8-A14F8184BB48}
		{000000A4-0000-0000-0000-000000000000} = {45780875-4614-419B-94F8-A14F8184BB48}
		{000000E4-0000-0000-0000-000000000000} = {45780875-4614-419B-94F8-A14F8184BB48}
		{00000A1E-0000-0000-0000-000000000000} = {45780875-4614-419B-94F8-A14F8184BB48}
		{85413B56-F112-447A-BF3F-DAF1A6ADF012} = {45780875-4614-419B-94F8-A14F8184BB48}
		{40237B9D-0000-0000-0000-000000000000} = {45780875-4614-419B-94F8-A14F8184BB48}
	EndGlobalSection
EndGlobal
