<?xml version="1.0" encoding="utf-8"?>
<Project ToolsVersion="4.0" xmlns="http://schemas.microsoft.com/developer/msbuild/2003">
  <ItemGroup>
    <Filter Include="Source Files">
      <UniqueIdentifier>{4FC737F1-C7A5-4376-A066-2A32D752A2FF}</UniqueIdentifier>
      <Extensions>cpp;c;cc;cxx;def;odl;idl;hpj;bat;asm;asmx</Extensions>
    </Filter>
    <Filter Include="Header Files">
      <UniqueIdentifier>{93995380-89BD-4b04-88EB-625FBE52EBFB}</UniqueIdentifier>
      <Extensions>h;hh;hpp;hxx;hm;inl;inc;xsd</Extensions>
    </Filter>
    <Filter Include="Resource Files">
      <UniqueIdentifier>{67DA6AB6-F800-4c08-8B7A-83BB121AAD01}</UniqueIdentifier>
      <Extensions>rc;ico;cur;bmp;dlg;rc2;rct;bin;rgs;gif;jpg;jpeg;jpe;resx;tiff;tif;png;wav;mfcribbon-ms</Extensions>
    </Filter>
    <Filter Include="audio_base">
      <UniqueIdentifier>{6b6f185a-a4bd-412d-8641-85793c8906da}</UniqueIdentifier>
    </Filter>
    <Filter Include="buffering">
      <UniqueIdentifier>{4f906928-da38-4992-8ec1-5b82f533653a}</UniqueIdentifier>
    </Filter>
  </ItemGroup>
  <ItemGroup>
    <ClInclude Include="include\dk_celt_encoder.h">
      <Filter>Header Files</Filter>
    </ClInclude>
    <ClInclude Include="include\celt_encoder.h">
      <Filter>Header Files</Filter>
    </ClInclude>
    <ClInclude Include="include\resample_sse.h">
      <Filter>Header Files</Filter>
    </ClInclude>
    <ClInclude Include="include\speex_resampler.h">
      <Filter>Header Files</Filter>
    </ClInclude>
    <ClInclude Include="include\arch.h">
      <Filter>Header Files</Filter>
    </ClInclude>
    <ClInclude Include="include\stack_alloc.h">
      <Filter>Header Files</Filter>
    </ClInclude>
    <ClInclude Include="..\dk_audio_base\include\dk_audio_base.h">
      <Filter>audio_base</Filter>
    </ClInclude>
    <ClInclude Include="..\dk_media_buffering\include\dk_circular_buffer.h">
      <Filter>buffering</Filter>
    </ClInclude>
  </ItemGroup>
  <ItemGroup>
    <ClCompile Include="source\dk_celt_encoder.cpp">
      <Filter>Source Files</Filter>
    </ClCompile>
    <ClCompile Include="source\celt_encoder.cpp">
      <Filter>Source Files</Filter>
    </ClCompile>
    <ClCompile Include="..\dk_audio_base\source\dk_audio_base.cpp">
      <Filter>audio_base</Filter>
    </ClCompile>
    <ClCompile Include="..\dk_media_buffering\source\dk_circular_buffer.cpp">
      <Filter>buffering</Filter>
    </ClCompile>
    <ClCompile Include="source\resample.cpp">
      <Filter>Source Files</Filter>
    </ClCompile>
  </ItemGroup>
</Project>